# This file is generated by running "yarn install" inside your project.
# Manual changes might be lost - proceed with caution!

__metadata:
  version: 4
  cacheKey: 7

"@graphile-contrib/pg-non-null@npm:^1.0.3":
  version: 1.0.3
  resolution: "@graphile-contrib/pg-non-null@npm:1.0.3"
  checksum: a60babb321c35f5a4bbda9e39c0b479d116b8ec9335f865f1cf73f2d7ff7080e8bf044e340cc6d4e58faa6c3fdc52df6814ffb4b39154264b74032ed2b072084
  languageName: node
  linkType: hard

"@graphile/lru@npm:4.11.0":
  version: 4.11.0
  resolution: "@graphile/lru@npm:4.11.0"
  dependencies:
    tslib: ^2.0.1
  checksum: c6277b25cb6b2b008fdb8b58bef7bd370ebc5c09d7f2d44cb46815691dc9bba8b4ae76bc757a314ac509206bfb6c9bf8e56c23e9f8415bee2b71aa0fa07c1807
  languageName: node
  linkType: hard

"@types/body-parser@npm:*":
  version: 1.19.0
  resolution: "@types/body-parser@npm:1.19.0"
  dependencies:
    "@types/connect": "*"
    "@types/node": "*"
  checksum: 4576f3fde5980c1219cadbc7c523bdb1cefc3713300e18bf47ff37bb9b8176342a1dc7519008311fd8fc11413cf188a83931b9b59051aa1c2f095c1e10459369
  languageName: node
  linkType: hard

"@types/connect-pg-simple@npm:^4.2.2":
  version: 4.2.2
  resolution: "@types/connect-pg-simple@npm:4.2.2"
  dependencies:
    "@types/express": "*"
    "@types/express-session": "*"
    "@types/pg": "*"
  checksum: a28d181d66db19477f2e26bc0dd5d4705dfbf7af1a63ee8562ab2bbfe09d579b10dff938a0a9f5461fe3a64d582a15b0192a20b06741ee02695d3107490775c6
  languageName: node
  linkType: hard

"@types/connect@npm:*":
  version: 3.4.34
  resolution: "@types/connect@npm:3.4.34"
  dependencies:
    "@types/node": "*"
  checksum: 6f712a0408ed119a42037bcbc38c12e053d3ffe11337221a3966c9e29a21c8455e331fe2116c426361c0b2c0e44cb3fb1f83594326e42ba34ce4723d726b7d30
  languageName: node
  linkType: hard

"@types/express-serve-static-core@npm:^4.17.18":
  version: 4.17.19
  resolution: "@types/express-serve-static-core@npm:4.17.19"
  dependencies:
    "@types/node": "*"
    "@types/qs": "*"
    "@types/range-parser": "*"
  checksum: b6c8c357c5d093303c681616b7a80d6a044b47c4161a3459c65e451137832b29a485a8f8708414205f427dade6b4ff5ef799d51715d12f92da3468cf41a2cf06
  languageName: node
  linkType: hard

"@types/express-session@npm:*, @types/express-session@npm:^1.17.3":
  version: 1.17.3
  resolution: "@types/express-session@npm:1.17.3"
  dependencies:
    "@types/express": "*"
  checksum: 4ec0442aaba90400ac308849418d49d390d510f34e7164212966a6530a93d3e7aef1b46672a13c8a54945ce17547b4dcba6ebc9263446c0f8ce245df4bbc705e
  languageName: node
  linkType: hard

"@types/express@npm:*":
  version: 4.17.11
  resolution: "@types/express@npm:4.17.11"
  dependencies:
    "@types/body-parser": "*"
    "@types/express-serve-static-core": ^4.17.18
    "@types/qs": "*"
    "@types/serve-static": "*"
  checksum: 2818120a0fd8b7982215864929cdc6cd14942dd44849f93054fe2a90b4233dff67aadc34c73b5937922a02c688b0263d00a4807aa2e59307ac859a1458d73669
  languageName: node
  linkType: hard

"@types/json5@npm:^0.0.30":
  version: 0.0.30
  resolution: "@types/json5@npm:0.0.30"
  checksum: af9d434f14dc6337e16454944bca5eadbdf5d0e85a0ef59fe5e011eadabfe126f42f3913bf7fee478747cf34efd88061ac0e15ede07b83986ae31aa2ddda6232
  languageName: node
  linkType: hard

"@types/jsonwebtoken@npm:^8.3.2":
  version: 8.5.1
  resolution: "@types/jsonwebtoken@npm:8.5.1"
  dependencies:
    "@types/node": "*"
  checksum: f66ee4a12584a699a6dba5daa79d0f87ae77950a332f918c7f485b6d33501be84547fcac992d7f5a8960d04f77f206b118d9a558d8dd49f1aea99c64a17182b0
  languageName: node
  linkType: hard

"@types/mime@npm:^1":
  version: 1.3.2
  resolution: "@types/mime@npm:1.3.2"
  checksum: c354bc135628c2f4ab64801ca3867c3acbd4050611579c4c9f5bdfecfb70db71bb8540bf8611b4319f5ef44139c5f7c5af81254369add5ed59e7e02ce929b96f
  languageName: node
  linkType: hard

"@types/node@npm:*":
  version: 15.3.1
  resolution: "@types/node@npm:15.3.1"
  checksum: 1c3c94f4c8e1df26b24a00637fdd5a50a5ea7afd0e97cbd298cf675d49ad5436b8b2b111b349194e2fb8bfc81291a67dff9eac80abbf610f938f7a89ba5ba426
  languageName: node
  linkType: hard

"@types/pg@npm:*":
  version: 8.6.0
  resolution: "@types/pg@npm:8.6.0"
  dependencies:
    "@types/node": "*"
    pg-protocol: "*"
    pg-types: ^2.2.0
  checksum: 759568812434c2155126f8cc8c344f51319ad46e26d58b13b1952ecd60c1372f41ced99d51c0e1582190d3b05453e52326496f6b022d65acee332ab1ff8f4bc2
  languageName: node
  linkType: hard

"@types/pg@npm:>=6 <8, @types/pg@npm:^7.14.4, @types/pg@npm:^7.4.10":
  version: 7.14.11
  resolution: "@types/pg@npm:7.14.11"
  dependencies:
    "@types/node": "*"
    pg-protocol: ^1.2.0
    pg-types: ^2.2.0
  checksum: 215f6e64416db9582fc502edcc3700d5ff542a96cb6f764d558a8e8610d24ef8fccd48d849110021a28c94ad7def57ba212985d6fb681db7f5af59ec8f32f5fb
  languageName: node
  linkType: hard

"@types/qs@npm:*":
  version: 6.9.6
  resolution: "@types/qs@npm:6.9.6"
  checksum: a5f3c4f6ad6de2692e710302f5f82fe8db3ec0de1a75ada02a432f75f64025a6e38d28fcc4ed146d3145017e1312cc5cb3d81a0f41a798ec0463b5f47f017963
  languageName: node
  linkType: hard

"@types/range-parser@npm:*":
  version: 1.2.3
  resolution: "@types/range-parser@npm:1.2.3"
  checksum: 092fabae0ecbd728d3e4debc938cd043e97cb9f210cfec1c56ff6065c6e91666f376eb586591825d6757a058fd1a1dc4831d34e04ecfbb0800f35b8d86d38635
  languageName: node
  linkType: hard

"@types/serve-static@npm:*":
  version: 1.13.9
  resolution: "@types/serve-static@npm:1.13.9"
  dependencies:
    "@types/mime": ^1
    "@types/node": "*"
  checksum: f261127514057b5c038d76259128d7b765dd92bfeaf769d05b8ddf5f254d066ce6142a935e2fc707bb3009d6544a979591852f0d135d0ed4d0c56db08738df6b
  languageName: node
  linkType: hard

"@types/ws@npm:^7.4.0":
  version: 7.4.4
  resolution: "@types/ws@npm:7.4.4"
  dependencies:
    "@types/node": "*"
  checksum: 6a02b3164250813510c5e73998a2bbca1fb98dc23428d70c2c6d664dfbac3fde32cd8d4eb34c335a0221f49a6f02d71b09645b236b01de1aea85f80352f67e1f
  languageName: node
  linkType: hard

"accepts@npm:~1.3.7":
  version: 1.3.7
  resolution: "accepts@npm:1.3.7"
  dependencies:
    mime-types: ~2.1.24
    negotiator: 0.6.2
  checksum: 2686fa30dbc850db1bf458dc8171fba13c54ed6cb25f4298ec7c2f88b8dfc50351f25c40abe3a948e4ec7a0cc8ea83d1c55c2f73ffa612d18840a8778d4a2ee0
  languageName: node
  linkType: hard

"ansi-styles@npm:^3.2.1":
  version: 3.2.1
  resolution: "ansi-styles@npm:3.2.1"
  dependencies:
    color-convert: ^1.9.0
  checksum: 456e1c23d9277512a47718da75e7fbb0a5ee215ef893c2f76d6b3efe8fceabc861121b80b0362146f5f995d21a1633f05a19bbf6283ae66ac11dc3b9c0bed779
  languageName: node
  linkType: hard

"array-flatten@npm:1.1.1":
  version: 1.1.1
  resolution: "array-flatten@npm:1.1.1"
  checksum: de7a056451ff7891bb1bcda6ce2a50448ca70f63cd0fa7aa90430d288b6dc2931517b6853ce16c473a7f40fa6eaa874e20b6151616db93375471d1ffadfb1d3d
  languageName: node
  linkType: hard

"async-limiter@npm:~1.0.0":
  version: 1.0.1
  resolution: "async-limiter@npm:1.0.1"
  checksum: d123312ace75c07399ddc58e06cc028dacce35f71cdf59cf9b22f6c31dde221c22285e6185ede823ecb67f3b3065e26205eb9f74fcbba3f12ce7a2c2b09d7763
  languageName: node
  linkType: hard

"backo2@npm:^1.0.2":
  version: 1.0.2
  resolution: "backo2@npm:1.0.2"
  checksum: 72f19a0fd2b573f5504adf1f2e74e7658eec000e7732ebd5f622b6b1d520187277a5e8310787906455d02fcf915f35c5c48e54c997bed1a60b95355db8f2ccab
  languageName: node
  linkType: hard

"body-parser@npm:1.19.0, body-parser@npm:^1.15.2":
  version: 1.19.0
  resolution: "body-parser@npm:1.19.0"
  dependencies:
    bytes: 3.1.0
    content-type: ~1.0.4
    debug: 2.6.9
    depd: ~1.1.2
    http-errors: 1.7.2
    iconv-lite: 0.4.24
    on-finished: ~2.3.0
    qs: 6.7.0
    raw-body: 2.4.0
    type-is: ~1.6.17
  checksum: 18c2a81df5eabc7e3541bc9ace394b88e6fbd390989b5e764ff34c3f9dbd097e19986c31baa9b855ec5c2cff2b79157449afb0cdfb97bb99c11d6239b2c47a34
  languageName: node
  linkType: hard

"buffer-equal-constant-time@npm:1.0.1":
  version: 1.0.1
  resolution: "buffer-equal-constant-time@npm:1.0.1"
  checksum: a38a6fead170594b97894658d0e62e3686ccaecea480051c0bf69ba29274eca87203452590c3b6a1b589a7da1baef89420da00a8f08c010675c1dbc25f58edf9
  languageName: node
  linkType: hard

"buffer-writer@npm:2.0.0":
  version: 2.0.0
  resolution: "buffer-writer@npm:2.0.0"
  checksum: aeeac620f1010c1169e735661606872f058f2fba3a2efc0291a7f551a6e5900fd7b983f38e206fc7b991e3d1e3735f7da984c19c9af72c306582e2979819329d
  languageName: node
  linkType: hard

"bytes@npm:3.1.0":
  version: 3.1.0
  resolution: "bytes@npm:3.1.0"
  checksum: c3f64645ef37922c8194fef88a052de2a28101882dfdf8a225493888c4941a26ea15164957e7492e5c5e3a8e98ee6276f4834efacb68e2d8ad4d91f903250b6c
  languageName: node
  linkType: hard

"chalk@npm:^2.4.2":
  version: 2.4.2
  resolution: "chalk@npm:2.4.2"
  dependencies:
    ansi-styles: ^3.2.1
    escape-string-regexp: ^1.0.5
    supports-color: ^5.3.0
  checksum: 22c7b7b5bc761c882bb6516454a1a671923f1c53ff972860065aa0b28a195f230163c1d46ee88bcc7a03e5539177d896457d8bc727de7f244c6e87032743038e
  languageName: node
  linkType: hard

"color-convert@npm:^1.9.0":
  version: 1.9.3
  resolution: "color-convert@npm:1.9.3"
  dependencies:
    color-name: 1.1.3
  checksum: 5f244daa3d1fe1f216d48878c550465067d15268688308554e613b7640a068f96588096d51f0b98b68f15d6ff6bb8ad24e172582ac8c0ad43fa4d3da60fd1b79
  languageName: node
  linkType: hard

"color-name@npm:1.1.3":
  version: 1.1.3
  resolution: "color-name@npm:1.1.3"
  checksum: d8b91bb90aefc05b6ff568cf8889566dcc6269824df6f3c9b8ca842b18d7f4d089c07dc166808d33f22092d4a79167aa56a96a5ff0d21efab548bf44614db43b
  languageName: node
  linkType: hard

"commander@npm:^2.19.0":
  version: 2.20.3
  resolution: "commander@npm:2.20.3"
  checksum: b73428e97de7624323f81ba13f8ed9271de487017432d18b4da3f07cfc528ad754bbd199004bd5d14e0ccd67d1fdfe0ec8dbbd4c438b401df3c4cc387bfd1daa
  languageName: node
  linkType: hard

"connect-pg-simple@npm:^6.2.1":
  version: 6.2.1
  resolution: "connect-pg-simple@npm:6.2.1"
  dependencies:
    "@types/pg": ^7.14.4
    pg: ^8.2.1
  checksum: 5ef8dd17a362c9c07ed6b40a9898192d257d69b5837c0ccba4ef2e141377d4dc439218c0b63a5fb3e2adeab405aff756fbea4b005971bd418b4a14ea7ac22c26
  languageName: node
  linkType: hard

"content-disposition@npm:0.5.3":
  version: 0.5.3
  resolution: "content-disposition@npm:0.5.3"
  dependencies:
    safe-buffer: 5.1.2
  checksum: 8f1f235c0423be68023df7f5a3948601d859ce44ee94e1d0fa2a97383bd469e789320b6ddf6f31b3620605c75cf771522df11386f51aff401e5d51b6ccfde3e2
  languageName: node
  linkType: hard

"content-type@npm:~1.0.4":
  version: 1.0.4
  resolution: "content-type@npm:1.0.4"
  checksum: ff6e19cbf281c23d5608723a6dc60ac97e2280bd4d21602511283112321e6c1555895e395555e367672b54a0f1585276284b7c3c8be313aca73902ac2f2609fd
  languageName: node
  linkType: hard

"cookie-signature@npm:1.0.6":
  version: 1.0.6
  resolution: "cookie-signature@npm:1.0.6"
  checksum: 305054e102eebd0a483c63aefdc3abf54a9471bed5eb12be56c0dcf35a94110b8a13139b27751ab07a5ef09e9f4190ee67f71e9d3acf1748e6e2f1aed338c987
  languageName: node
  linkType: hard

"cookie@npm:0.4.0":
  version: 0.4.0
  resolution: "cookie@npm:0.4.0"
  checksum: 7aaef4b642c533600fdd001d963a507dfcd814267503374e51d9743475d024feeff8b0b4ddd0777a25791a2efbdfd8bc4a0fe0696104efa195e8f8584807d410
  languageName: node
  linkType: hard

"cookie@npm:0.4.1":
  version: 0.4.1
  resolution: "cookie@npm:0.4.1"
  checksum: b8e0928e3e7aba013087974b33a6eec730b0a68b7ec00fc3c089a56ba2883bcf671252fc2ed64775aa1ca64796b6e1f6fdddba25a66808aef77614d235fd3e06
  languageName: node
  linkType: hard

"debug@npm:2.6.9":
  version: 2.6.9
  resolution: "debug@npm:2.6.9"
  dependencies:
    ms: 2.0.0
  checksum: 559f44f98cf25e2ee489022aec173afbff746564cb108c4493becb95bc3c017a67bdaa25a0ff64801fd32c35051d00af0e56cc7f762ae2c3bc089496e5a1c31b
  languageName: node
  linkType: hard

"debug@npm:>=3 <5, debug@npm:^4.1.1":
  version: 4.3.2
  resolution: "debug@npm:4.3.2"
  dependencies:
    ms: 2.1.2
  peerDependenciesMeta:
    supports-color:
      optional: true
  checksum: 5543570879e2274f6725d4285a034d6e0822d35faefc6f55965933fb440e8c21eb3a0bef934e66f4b6b491f898ee2de37cab980e9d4fd61372136c19d3ce4527
  languageName: node
  linkType: hard

"depd@npm:~1.1.2":
  version: 1.1.2
  resolution: "depd@npm:1.1.2"
  checksum: f45566ff7019a346852f095768a380778ed544de24e103b479fd5d3e61982d670efbb5234c09d0588d7fdb09c26c48283d7150e4be5e6ce5d3d37cd268d75c4d
  languageName: node
  linkType: hard

"depd@npm:~2.0.0":
  version: 2.0.0
  resolution: "depd@npm:2.0.0"
  checksum: 20726d843f5ab5e933211fcb5a440a1a3986ef9d6f85d38cf1eae815ea3cc12fa4436bd35a38e21bdb391a021b57f2d97b9f856873852506acac1b07ac913ba4
  languageName: node
  linkType: hard

"destroy@npm:~1.0.4":
  version: 1.0.4
  resolution: "destroy@npm:1.0.4"
  checksum: 5a516fc5a8a8089eecdac11da2339353542be7a71102dc5a1372ef6161501bf5c1ee59ff9f8a3f5f14cc8c88594d606f855f816d46a228ee5e0e5cb2b543534b
  languageName: node
  linkType: hard

"ecdsa-sig-formatter@npm:1.0.11":
  version: 1.0.11
  resolution: "ecdsa-sig-formatter@npm:1.0.11"
  dependencies:
    safe-buffer: ^5.0.1
  checksum: 9d07775ee274e0ca3978a562e9eba14ce77ecc804d977d0e94525c2aa4a70d909eda5703810955d22fd06fc6312e6aacf85e233eebdabc7b27a0a38fd62902a4
  languageName: node
  linkType: hard

"ee-first@npm:1.1.1":
  version: 1.1.1
  resolution: "ee-first@npm:1.1.1"
  checksum: ba74f91398e3ee3b6d665b2f0d13ad6530e89a7e64ec886a6eec0602fb8a5a274652960e21bd5d4b42fdeb9017d873ff872f50342d38779e955285977edb337c
  languageName: node
  linkType: hard

"encodeurl@npm:~1.0.2":
  version: 1.0.2
  resolution: "encodeurl@npm:1.0.2"
  checksum: 6ee5fcbcd245d2a2b6bd6fe36b80f91e31ab46e29192c50af00e8f860c0c2310ebbdaae40257878fdce90b42abcb3526895c7c3a2e229461ed1f0d0b5a020fc8
  languageName: node
  linkType: hard

"escape-html@npm:~1.0.3":
  version: 1.0.3
  resolution: "escape-html@npm:1.0.3"
  checksum: 900a7f2b80b9f89c85b7a303d1b7a4d354b93e328871414f165f13c5c209a80eab787e3a63429e596877def69fe4dcb3d1b55af655207a901a9ec99f7f148743
  languageName: node
  linkType: hard

"escape-string-regexp@npm:^1.0.5":
  version: 1.0.5
  resolution: "escape-string-regexp@npm:1.0.5"
  checksum: f9484b8b4c8827d816e0fd905c25ed4b561376a9c220e1430403ea84619bf680c76a883a48cff8b8e091daf55d6a497e37479f9787b9f15f3c421b6054289744
  languageName: node
  linkType: hard

"etag@npm:~1.8.1":
  version: 1.8.1
  resolution: "etag@npm:1.8.1"
  checksum: f18341a3c12a554ec46c0d4756bc9cae177e92f25a4ebd9ceefebf0ee448b675972fc110879f22b1bf514174713921ae5de9ff77af2062d422b1085588465a57
  languageName: node
  linkType: hard

"eventemitter3@npm:^3.1.0":
  version: 3.1.2
  resolution: "eventemitter3@npm:3.1.2"
  checksum: fa1a206c4e4e8e427542f7fdfa10bd073a4ddf2510fb22e2f9a33b9aa7a0d5669bffba9b889e22d8c1c976af51a92dab274845e58d626ddb2d3563ed4d5d50dc
  languageName: node
  linkType: hard

"express-session@npm:^1.17.2":
  version: 1.17.2
  resolution: "express-session@npm:1.17.2"
  dependencies:
    cookie: 0.4.1
    cookie-signature: 1.0.6
    debug: 2.6.9
    depd: ~2.0.0
    on-headers: ~1.0.2
    parseurl: ~1.3.3
    safe-buffer: 5.2.1
    uid-safe: ~2.1.5
  checksum: d01a9d12c2541618b3c8d154c417c1b95ecef4a0891d9902fa18b477ad0ba1eb80559db7c88510861c1c7b151f282cc12d6147dce4ececca5ad04e56e573f983
  languageName: node
  linkType: hard

"express@npm:^4.17.1":
  version: 4.17.1
  resolution: "express@npm:4.17.1"
  dependencies:
    accepts: ~1.3.7
    array-flatten: 1.1.1
    body-parser: 1.19.0
    content-disposition: 0.5.3
    content-type: ~1.0.4
    cookie: 0.4.0
    cookie-signature: 1.0.6
    debug: 2.6.9
    depd: ~1.1.2
    encodeurl: ~1.0.2
    escape-html: ~1.0.3
    etag: ~1.8.1
    finalhandler: ~1.1.2
    fresh: 0.5.2
    merge-descriptors: 1.0.1
    methods: ~1.1.2
    on-finished: ~2.3.0
    parseurl: ~1.3.3
    path-to-regexp: 0.1.7
    proxy-addr: ~2.0.5
    qs: 6.7.0
    range-parser: ~1.2.1
    safe-buffer: 5.1.2
    send: 0.17.1
    serve-static: 1.14.1
    setprototypeof: 1.1.1
    statuses: ~1.5.0
    type-is: ~1.6.18
    utils-merge: 1.0.1
    vary: ~1.1.2
  checksum: c4b470d623152c148e874b08d4afc35ea9498547c31a6ff6dae767ae11e3a59508a299732e9f45bfa2885685fbe2b75ca360862977798dfcec28ff2a4260eab2
  languageName: node
  linkType: hard

"finalhandler@npm:^1.0.6, finalhandler@npm:~1.1.2":
  version: 1.1.2
  resolution: "finalhandler@npm:1.1.2"
  dependencies:
    debug: 2.6.9
    encodeurl: ~1.0.2
    escape-html: ~1.0.3
    on-finished: ~2.3.0
    parseurl: ~1.3.3
    statuses: ~1.5.0
    unpipe: ~1.0.0
  checksum: f2e5b6bfe2201f13e74408530a7f354b7846ab3e648b3dde4f8ed3b773c8a743c16b0f378cb5113df7fef84c5be364bb1a3655f0a75571f163c982289fbd9671
  languageName: node
  linkType: hard

"forwarded@npm:~0.1.2":
  version: 0.1.2
  resolution: "forwarded@npm:0.1.2"
  checksum: 568d862ad1c514813fc62dc1bd58b8669b16d4ee2e634a6fc71f4849df798883ab94e63d8e1b35a17af51b2b39ca869e672c7310efe42fc7b9bad43a80b5ff87
  languageName: node
  linkType: hard

"fresh@npm:0.5.2":
  version: 0.5.2
  resolution: "fresh@npm:0.5.2"
  checksum: 2f76c8505d1ea5a6d5accea3e7aff0b796bfa43364c84929254f33909fa08640948bd1728220d1ff5f4c2b378a65e97da647f2fe0f2b7ddb44001f6e0dc2e91f
  languageName: node
  linkType: hard

"graphile-build-pg@npm:4.11.2, graphile-build-pg@npm:^4.11.2":
  version: 4.11.2
  resolution: "graphile-build-pg@npm:4.11.2"
  dependencies:
    "@graphile/lru": 4.11.0
    chalk: ^2.4.2
    debug: ^4.1.1
    graphile-build: 4.11.0
    graphql-iso-date: ^3.6.0
    jsonwebtoken: ^8.5.1
    lodash: ">=4 <5"
    lru-cache: ">=4 <5"
    pg-sql2: 4.11.0
  peerDependencies:
    pg: ">=6.1.0 <9"
  checksum: b5a11eb9b5051d0ad505fe476d642914c2fffe2a415f4d1c3970296e0ded256b74c486b0ba98389334f5d80495a486ccd6ca83e03a436c38da63221a8f50c90a
  languageName: node
  linkType: hard

"graphile-build@npm:4.11.0":
  version: 4.11.0
  resolution: "graphile-build@npm:4.11.0"
  dependencies:
    "@graphile/lru": 4.11.0
    chalk: ^2.4.2
    debug: ^4.1.1
    graphql-parse-resolve-info: 4.11.0
    iterall: ^1.2.2
    lodash: ">=4 <5"
    lru-cache: ^5.0.0
    pluralize: ^7.0.0
    semver: ^6.0.0
  peerDependencies:
    graphql: ">=0.9 <0.14 || ^14.0.2 || ^15.4.0"
  checksum: e1e9b40cffdbe68064301b92e52a2f47ed1b5af9c7d4d2da05bab87420e9d1a389060c5a5a44a253aae02e2b8c3255873db7e798dfc5588689ca7b78d757823f
  languageName: node
  linkType: hard

"graphile-utils@npm:^4.11.2":
  version: 4.11.2
  resolution: "graphile-utils@npm:4.11.2"
  dependencies:
    debug: ^4.1.1
    graphql: ">=0.9 <0.14 || ^14.0.2 || ^15.4.0"
    tslib: ^2.0.1
  peerDependencies:
    graphile-build: ^4.5.0
    graphile-build-pg: ^4.5.0
  checksum: d1e2b40727db78c81c9f4e10457aca6bf5e6592d170a7441a94bf18fa0e1f816fe4631eff7c7ef0d5a0cf3e7c344824b86ba2899645d29df244e9d4d2bd94cbc
  languageName: node
  linkType: hard

"graphql-iso-date@npm:^3.6.0":
  version: 3.6.1
  resolution: "graphql-iso-date@npm:3.6.1"
  peerDependencies:
    graphql: ^0.5.0 || ^0.6.0 || ^0.7.0 || ^0.8.0-b || ^0.9.0 || ^0.10.0 || ^0.11.0 || ^0.12.0 || ^0.13.0 || ^14.0.0
  checksum: d33245ccaba87665589bf2907159de9e024bfd516ccc905631b68010ff69afbcbd09103d38481569862e4c168f6db0f9df614968295ca41c996c7d7fd2679817
  languageName: node
  linkType: hard

"graphql-parse-resolve-info@npm:4.11.0":
  version: 4.11.0
  resolution: "graphql-parse-resolve-info@npm:4.11.0"
  dependencies:
    debug: ^4.1.1
    tslib: ^2.0.1
  peerDependencies:
    graphql: ">=0.9 <0.14 || ^14.0.2 || ^15.4.0"
  checksum: ef41c34e647abbfeb720398012c559c4d3e4d3f78f6e5e994e55940bcfa5c48ad65274609bc22f1e8837c7b1027a897ef9c2334ec2152d3b52f1ba9f22dbc817
  languageName: node
  linkType: hard

"graphql-ws@npm:^4.1.1":
  version: 4.5.1
  resolution: "graphql-ws@npm:4.5.1"
  peerDependencies:
    graphql: ">=0.11 <=15"
  checksum: 50f82488faa8dae41fe99ec35600b86bbba72a3371b15e9c45ac2accbc9edeb2e847fc3d39b236fa13950f6ab29e9fb573e03fe9b04f8f72f9f0b5f64f2b1f83
  languageName: node
  linkType: hard

"graphql@npm:>=0.9 <0.14 || ^14.0.2 || ^15.4.0, graphql@npm:^0.6.0 || ^0.7.0 || ^0.8.0-b || ^0.9.0 || ^0.10.0 || ^0.11.0 || ^0.12.0 || ^0.13.0 || ^14.0.2 || ^15.0.0":
  version: 15.5.0
  resolution: "graphql@npm:15.5.0"
  checksum: 789cdcb069a3e00592e779002217a6bc5fd09efad63ee8c4190c4b3ea96c89010e74f085fb1cba876a0bb0e324e01df2eddb84d79dca90a28e582bc425fef9ef
  languageName: node
  linkType: hard

"has-flag@npm:^3.0.0":
  version: 3.0.0
  resolution: "has-flag@npm:3.0.0"
  checksum: 63aade480d27aeedb3b5b63a2e069d47d0006bf182338d662e7941cdc024e68a28418e0efa8dc5df30db9c4ee2407f39e6ea3f16cfbc6b83848b450826a28aa0
  languageName: node
  linkType: hard

"heltin-graphql@workspace:.":
  version: 0.0.0-use.local
  resolution: "heltin-graphql@workspace:."
  dependencies:
    "@graphile-contrib/pg-non-null": ^1.0.3
    "@types/connect-pg-simple": ^4.2.2
    "@types/express-session": ^1.17.3
    connect-pg-simple: ^6.2.1
    express: ^4.17.1
    express-session: ^1.17.2
    graphile-build-pg: ^4.11.2
    graphile-utils: ^4.11.2
    pg: ^8.6.0
    postgraphile: ^4.11.0
    postgres-bytea: ^3.0.0
    typescript: ^4.2.4
  languageName: unknown
  linkType: soft

"http-errors@npm:1.7.2":
  version: 1.7.2
  resolution: "http-errors@npm:1.7.2"
  dependencies:
    depd: ~1.1.2
    inherits: 2.0.3
    setprototypeof: 1.1.1
    statuses: ">= 1.5.0 < 2"
    toidentifier: 1.0.0
  checksum: 8ce4a4af05a3652c81768a2754ced24b86ff62e7bee147a27b6ef8cde24e7a48f9fbfcb87ec6f67781879b95f1b35d3f8d6378e8555eb7d469ce875f4e184418
  languageName: node
  linkType: hard

"http-errors@npm:^1.5.1":
  version: 1.8.0
  resolution: "http-errors@npm:1.8.0"
  dependencies:
    depd: ~1.1.2
    inherits: 2.0.4
    setprototypeof: 1.2.0
    statuses: ">= 1.5.0 < 2"
    toidentifier: 1.0.0
  checksum: 95ad78508b2929923dac83edd7ce513db87c4214df83a6664559810566da73d9a6892ffdcd76738d9ab9d33172b4c7e304436a4031d471569a7344396fea0ecb
  languageName: node
  linkType: hard

"http-errors@npm:~1.7.2":
  version: 1.7.3
  resolution: "http-errors@npm:1.7.3"
  dependencies:
    depd: ~1.1.2
    inherits: 2.0.4
    setprototypeof: 1.1.1
    statuses: ">= 1.5.0 < 2"
    toidentifier: 1.0.0
  checksum: 563ae4a3f19c89029212922bade6ffcd0e4b7fa52e539f08c8f6941de7eaccb00bf76cb7692662192f2f0d567d4ac1f9d6a3d0ee70b166c8540cf791497f90ea
  languageName: node
  linkType: hard

"iconv-lite@npm:0.4.24":
  version: 0.4.24
  resolution: "iconv-lite@npm:0.4.24"
  dependencies:
    safer-buffer: ">= 2.1.2 < 3"
  checksum: a9b9521066ee81853a8561e92bd7240bc5d3b7d5ef7da807a475e7858b0246e318b6af518c30a20a8749ef5eafeaa9631079446e4e696c7b60f468b34dc2cbfc
  languageName: node
  linkType: hard

"inherits@npm:2.0.3":
  version: 2.0.3
  resolution: "inherits@npm:2.0.3"
  checksum: 9488f9433effbc24474f6baee8014e5337c7f99305ecb4204fa5864ae7655c24225780d87fc65ed8d3d374715a18c5dc8c69fe3bf9745cde2e7acd0ac068a07b
  languageName: node
  linkType: hard

"inherits@npm:2.0.4, inherits@npm:^2.0.3":
  version: 2.0.4
  resolution: "inherits@npm:2.0.4"
  checksum: 98426da247ddfc3dcd7d7daedd90c3ca32d5b08deca08949726f12d49232aef94772a07b36cf4ff833e105ae2ef931777f6de4a6dd8245a216b9299ad4a50bea
  languageName: node
  linkType: hard

"ipaddr.js@npm:1.9.1":
  version: 1.9.1
  resolution: "ipaddr.js@npm:1.9.1"
  checksum: de15bc7e63973d960abc43c9fbbf19589c726774f59d157d1b29382a1e86ae87c68cbd8b5c78a1712a87fc4fcd91e10762c7671950c66a1a19040ff4fd2f9c9b
  languageName: node
  linkType: hard

"iterall@npm:^1.0.2, iterall@npm:^1.2.1, iterall@npm:^1.2.2":
  version: 1.3.0
  resolution: "iterall@npm:1.3.0"
  checksum: 25ae2d07cf97fc35d43fa7af814839689416b83d3ade0fec97a62c58b7b9fad5ff89dd0ede99f2d67cae2697ffa6987f0ab10876f40ae6466e802609a05b1006
  languageName: node
  linkType: hard

"json5@npm:^2.1.1":
  version: 2.2.0
  resolution: "json5@npm:2.2.0"
  dependencies:
    minimist: ^1.2.5
  bin:
    json5: lib/cli.js
  checksum: 07b1f90c2801dc52df2b0ac8d606cc400a85cda79130e754780fa2ab9805d0fb85a0e61b6a5cdd68e88e5d0c8f9109ec415af08283175556cdccaa8563853908
  languageName: node
  linkType: hard

"jsonwebtoken@npm:^8.0.0, jsonwebtoken@npm:^8.5.1":
  version: 8.5.1
  resolution: "jsonwebtoken@npm:8.5.1"
  dependencies:
    jws: ^3.2.2
    lodash.includes: ^4.3.0
    lodash.isboolean: ^3.0.3
    lodash.isinteger: ^4.0.4
    lodash.isnumber: ^3.0.3
    lodash.isplainobject: ^4.0.6
    lodash.isstring: ^4.0.1
    lodash.once: ^4.0.0
    ms: ^2.1.1
    semver: ^5.6.0
  checksum: ea44bbb7a7abab87eee57711a04093a2a04a5757faa3253f521327b840e07eff751986ed6c20985886c5aaa86245a833aa1eeda6eacb0c3fa9ea4e7074cdb0c3
  languageName: node
  linkType: hard

"jwa@npm:^1.4.1":
  version: 1.4.1
  resolution: "jwa@npm:1.4.1"
  dependencies:
    buffer-equal-constant-time: 1.0.1
    ecdsa-sig-formatter: 1.0.11
    safe-buffer: ^5.0.1
  checksum: e3a6234a3a33b0390c35cc7393890b1ca1bac22382755035ad252f6df9e1272dcf0ff0a717c7865657fc30e04b8d5ab07ea27e26f0763c60c557946963402752
  languageName: node
  linkType: hard

"jws@npm:^3.2.2":
  version: 3.2.2
  resolution: "jws@npm:3.2.2"
  dependencies:
    jwa: ^1.4.1
    safe-buffer: ^5.0.1
  checksum: 3990b26ebb6f368bf6c53bf580cd327f207052adedeb7900dde665e143fff9ea5d96d0b4282e85a631a6e3af76ada281a1ccc450b1916d579d07e9d36b564a19
  languageName: node
  linkType: hard

"lodash.includes@npm:^4.3.0":
  version: 4.3.0
  resolution: "lodash.includes@npm:4.3.0"
  checksum: 20d6b1bf7841a4eb21bcb124641a1d5fb368e3c86fb8834d80149ec92caef67f3bf316405e4ec309591f0a83e461cebb7b43b2b57d00fd45d1eb3009fe13be97
  languageName: node
  linkType: hard

"lodash.isboolean@npm:^3.0.3":
  version: 3.0.3
  resolution: "lodash.isboolean@npm:3.0.3"
  checksum: e5b7a921f47759773266e66664e4a54f2438cc213fe336c5b96321d4328ebb2785e939bbcd07b29d5a20cdc6140d471abae1e94cdfb25937dc91ddc5150f41a0
  languageName: node
  linkType: hard

"lodash.isinteger@npm:^4.0.4":
  version: 4.0.4
  resolution: "lodash.isinteger@npm:4.0.4"
  checksum: a29551cc9aaaf24cc4fdd7ce1734c7a19c748c704f061ef079f6026dc9666ac10e8ae08e4f0cd3aeb6094e20be043a7402c72ce70cbae9ea6ecce67ad997332c
  languageName: node
  linkType: hard

"lodash.isnumber@npm:^3.0.3":
  version: 3.0.3
  resolution: "lodash.isnumber@npm:3.0.3"
  checksum: a33b10bf57dd27b32aac0bb4159d3f40db6b294095f42d7ff9f966a004932cdcc12417bf0750a9d3ac0c62690dd020d7d227b05ef486a8c9061963acf2ea3fad
  languageName: node
  linkType: hard

"lodash.isplainobject@npm:^4.0.6":
  version: 4.0.6
  resolution: "lodash.isplainobject@npm:4.0.6"
  checksum: 72a114b610ec32a42b8cb47680d1729398caea0ee0631c0b220b97b21e7df19312377cb077acb6593bf6c5abdbdb43c530aa66b440e30d53324986d386808cd0
  languageName: node
  linkType: hard

"lodash.isstring@npm:^4.0.1":
  version: 4.0.1
  resolution: "lodash.isstring@npm:4.0.1"
  checksum: 20c46960b74fd63c27b534f1725cd4141ac19b35c7250affee37c8b7899b1a4c5e9820becfafe571a4d48cd4c86206ee03c2e93fe943dbeab82ddd5cab710540
  languageName: node
  linkType: hard

"lodash.once@npm:^4.0.0":
  version: 4.1.1
  resolution: "lodash.once@npm:4.1.1"
  checksum: 236e00ca5f20304fab5b38aa3aedb034959153dae6edf33d7f9b00406ced8f24ed232a74f1200505d9049165ceea2ce1256199e1683b0a25e9de89091d4b13c2
  languageName: node
  linkType: hard

"lodash@npm:>=4 <5":
  version: 4.17.21
  resolution: "lodash@npm:4.17.21"
  checksum: 4983720b9abca930a4a46f18db163d7dad8dd00dbed6db0cc7b499b33b717cce69f80928b27bbb1ff2cbd3b19d251ee90669a8b5ea466072ca81c2ebe91e7468
  languageName: node
  linkType: hard

"lru-cache@npm:>=4 <5":
  version: 4.1.5
  resolution: "lru-cache@npm:4.1.5"
  dependencies:
    pseudomap: ^1.0.2
    yallist: ^2.1.2
  checksum: 6a098d23629357451d4324e1e4fefccdd6df316df29e25571c6148220ced923258381ebeafdf919f90e28c780b650427390582618c1d5fe097873e656d062511
  languageName: node
  linkType: hard

"lru-cache@npm:^5.0.0":
  version: 5.1.1
  resolution: "lru-cache@npm:5.1.1"
  dependencies:
    yallist: ^3.0.2
  checksum: ffd9a280fa3400e731265db502270c2a65432f3fbfac23d480c72f675ec16dbbeddd57d4baf7aca70ab7af49949fad1bcaaf5a5e6e1cfed7316de71bb5dddf1c
  languageName: node
  linkType: hard

"media-typer@npm:0.3.0":
  version: 0.3.0
  resolution: "media-typer@npm:0.3.0"
  checksum: be1c825782df7f38eebd451d778f6407bb15a59c8807a69e7f2ad74a25440e474536441c6bf583fdf2803ea23b866e91ff68f565cda297211dd89147758c8df3
  languageName: node
  linkType: hard

"merge-descriptors@npm:1.0.1":
  version: 1.0.1
  resolution: "merge-descriptors@npm:1.0.1"
  checksum: 2d2a09eaac840a7ceac7a13b44b7c8abf3ecccd93a609c3525d8290cb5d814336cc7c0b1dd485ae3bc471ed354eeefb153475ce2e1604ccdf79eebe74021c192
  languageName: node
  linkType: hard

"methods@npm:~1.1.2":
  version: 1.1.2
  resolution: "methods@npm:1.1.2"
  checksum: 450e4ea0fd4a0f3de8c0593d753c7d6c8f2ee49766f5ef35c68cc2ac41699d5e295b7d6330fc2b7271b8569a07857e3eb0b5df0599a353c5808265b4b5066168
  languageName: node
  linkType: hard

"mime-db@npm:1.47.0":
  version: 1.47.0
  resolution: "mime-db@npm:1.47.0"
  checksum: f5f9220dd53c240c9234323571f632486c663e36676ebfdca9963fb9a92d1dd28b16124bceff60868fb70743764ade8466dd5e6a1a833decde89ae6d15211503
  languageName: node
  linkType: hard

"mime-types@npm:~2.1.24":
  version: 2.1.30
  resolution: "mime-types@npm:2.1.30"
  dependencies:
    mime-db: 1.47.0
  checksum: c7ca8a9980bdae0b760820aded39ea9541a8236f4abc105df645ea5b09a9c4a5299e28667c0c9596ab8e4ca84b219fd8b94b5c68e32b59891ca1f57a7e848c02
  languageName: node
  linkType: hard

"mime@npm:1.6.0":
  version: 1.6.0
  resolution: "mime@npm:1.6.0"
  bin:
    mime: cli.js
  checksum: d540c24dd3e3a9e25e813714e55ff2f7841a3a1a47aed9786c508bd0251653d5e9abbfb1163c0c6e1be99f872d7fa1538c068bd6e306e9cb12dd9affa841a61e
  languageName: node
  linkType: hard

"minimist@npm:^1.2.5":
  version: 1.2.5
  resolution: "minimist@npm:1.2.5"
  checksum: b77b8590147a4e217ff34266236bc39de23b52e6e33054076991ff674c7397a1380a7bde11111916f16f003a94aaa7e4f3d92595a32189644ff607fabc65a5b6
  languageName: node
  linkType: hard

"ms@npm:2.0.0":
  version: 2.0.0
  resolution: "ms@npm:2.0.0"
  checksum: 1a230340cc7f322fbe916783d8c8d60455407c6b7fb7f901d6ee34eb272402302c5c7f070a97b8531245cbb4ca6a0a623f6a128d7e5a5440cefa2c669c0b35bb
  languageName: node
  linkType: hard

"ms@npm:2.1.1":
  version: 2.1.1
  resolution: "ms@npm:2.1.1"
  checksum: 81ad38c74df2473ce9fbed8bb71a00220c3d9e237ebd576306c9f6ca3221b251d602c7d199808944be1a3d7cda5883e72c77adb473734ba30f6e032165e05ebc
  languageName: node
  linkType: hard

"ms@npm:2.1.2":
  version: 2.1.2
  resolution: "ms@npm:2.1.2"
  checksum: 9b65fb709bc30c0c07289dcbdb61ca032acbb9ea5698b55fa62e2cebb04c5953f1876a1f3f7f4bc2e91d4bf4d86003f3e207c3bc6ee2f716f99827e62389cd0e
  languageName: node
  linkType: hard

"ms@npm:^2.1.1":
  version: 2.1.3
  resolution: "ms@npm:2.1.3"
  checksum: 6e721e648a544154d5de4c114b32f573d8027ca8ec505cf6c1105e505986d6ac46934a1256735aa0eece8eb2f5b2a1230503b2dddd3b100f9f016fd8a4f15f33
  languageName: node
  linkType: hard

"negotiator@npm:0.6.2":
  version: 0.6.2
  resolution: "negotiator@npm:0.6.2"
  checksum: 4b230bd15f0862d16c54ce0243fcfcf835ad59c8e58c467b4504dd28c9868cff71ff485b02cc575dc69dca819b58a1fadc9fb28403f45721f38a8fffde007d54
  languageName: node
  linkType: hard

"obuf@npm:~1.1.2":
  version: 1.1.2
  resolution: "obuf@npm:1.1.2"
  checksum: aa741387b0f5dc2b8addec7cd0e05448d8b2892b6e76e167e18a5b90f0b85bd4c9be4c7be01a354dee3353f5c3367b08006adb06e0737d6a8f1b88618147715a
  languageName: node
  linkType: hard

"on-finished@npm:~2.3.0":
  version: 2.3.0
  resolution: "on-finished@npm:2.3.0"
  dependencies:
    ee-first: 1.1.1
  checksum: 362e64608287d31ffd96a15fb9305a410b3e4d07c86f277fae907e38af46bc6f5ff948de90eabb81dc5632ca7f9a290085acc5410c378053dfa9860451d97ee5
  languageName: node
  linkType: hard

"on-headers@npm:~1.0.2":
  version: 1.0.2
  resolution: "on-headers@npm:1.0.2"
  checksum: 51e75c80755169e765aa76238722e5ad1623f62b13bbc23544ade20cdbb6950cf0e6aa91de35d02ec956f47dc072ee460d8eef82354e4abf8fa692885cb3f2d8
  languageName: node
  linkType: hard

"packet-reader@npm:1.0.0":
  version: 1.0.0
  resolution: "packet-reader@npm:1.0.0"
  checksum: fdbf006717eeb21d21398ed264de33d9bc024c78d1ae3828661f13da242d393188bbee470d48135ec6abebbc370b2642da646e43ead06837a7dff53819da4107
  languageName: node
  linkType: hard

"parseurl@npm:^1.3.2, parseurl@npm:~1.3.3":
  version: 1.3.3
  resolution: "parseurl@npm:1.3.3"
  checksum: 52c9e86cb58e38b28f1a50a6354d16648974ab7a2b91b209f97102840471de8adf524427774af6d5bc482fb7c0a6af6ba08ab37de9a1a7ae389ebe074015914b
  languageName: node
  linkType: hard

"path-to-regexp@npm:0.1.7":
  version: 0.1.7
  resolution: "path-to-regexp@npm:0.1.7"
  checksum: 342fdb0ca48415d6eccdbe6d4180fd0fa4786ccc96ab3f74fcdf7acfc99e075af25e6077c8086c341dcfb4f5f84401ecd21e6cd7b24e0c3b556fb7ffb2570da7
  languageName: node
  linkType: hard

"pg-connection-string@npm:^2.0.0, pg-connection-string@npm:^2.5.0":
  version: 2.5.0
  resolution: "pg-connection-string@npm:2.5.0"
  checksum: 504f288e5e361a903f8b426efe9d00fc289e1d55e16fcca8e4f70f89c29e3429b60291bdec65636ca9c56496319bea878eb32ea60a0d4949ef6df3d748250818
  languageName: node
  linkType: hard

"pg-int8@npm:1.0.1":
  version: 1.0.1
  resolution: "pg-int8@npm:1.0.1"
  checksum: b18c3a18e56a4f6de7c3c9df384a7ae47e7a3333ce1f36d324649116dfef4767ba01413993b12aa573ac44da1912d58cc6959eeb1c0f53a4ddb58861d1342a89
  languageName: node
  linkType: hard

"pg-pool@npm:^3.3.0":
  version: 3.3.0
  resolution: "pg-pool@npm:3.3.0"
  peerDependencies:
    pg: ">=8.0"
  checksum: 25f528a9b72ebe00678bbafe8a196e95c73b6843388619a8fda30878044b45b38ffbaaf69e485354d73c7452ac81f62ea6aa9705014855b60d71f6ef256cfe45
  languageName: node
  linkType: hard

"pg-protocol@npm:*, pg-protocol@npm:^1.2.0, pg-protocol@npm:^1.5.0":
  version: 1.5.0
  resolution: "pg-protocol@npm:1.5.0"
  checksum: 270e72d38aaed3ee23ec35802899c707b91e176f94373ce571c45b604ee9c5fbe60f629bec0a05bb607d23d0c016c23e4e318ec3c391f83467f705284190970c
  languageName: node
  linkType: hard

"pg-sql2@npm:4.11.0":
  version: 4.11.0
  resolution: "pg-sql2@npm:4.11.0"
  dependencies:
    "@graphile/lru": 4.11.0
    "@types/pg": ">=6 <8"
    debug: ">=3 <5"
    tslib: ^2.0.1
  peerDependencies:
    pg: ">=6.1.0 <9"
  checksum: 33a789bb6cd7e73f4e245f01cd08d57207f3d9a7bb57e11dbb2f7cb5d27f78dd3e4079dbdc2fcf1083203d087215bed2adc8b0dc6ad0744536b1d861986ffde0
  languageName: node
  linkType: hard

"pg-types@npm:^2.1.0, pg-types@npm:^2.2.0":
  version: 2.2.0
  resolution: "pg-types@npm:2.2.0"
  dependencies:
    pg-int8: 1.0.1
    postgres-array: ~2.0.0
    postgres-bytea: ~1.0.0
    postgres-date: ~1.0.4
    postgres-interval: ^1.1.0
  checksum: 3c36335465f058de7b075aab93b3db73ae651d6b0f618948aeb47fab74e064d4d9bd183cdaaf172ebcf9496999b2c6e83ae29048a84757eb30eab486aeb6723b
  languageName: node
  linkType: hard

"pg@npm:>=6.1.0 <9, pg@npm:^8.2.1, pg@npm:^8.6.0":
  version: 8.6.0
  resolution: "pg@npm:8.6.0"
  dependencies:
    buffer-writer: 2.0.0
    packet-reader: 1.0.0
    pg-connection-string: ^2.5.0
    pg-pool: ^3.3.0
    pg-protocol: ^1.5.0
    pg-types: ^2.1.0
    pgpass: 1.x
  peerDependencies:
    pg-native: ">=2.0.0"
  peerDependenciesMeta:
    pg-native:
      optional: true
  checksum: 06bec69854081161b3563f2bc0a3b09a20ebbff87e137914816de0970d70a0a4b282917434783f99841ec650a0650c0919fade96cb25e636d1b4a0cebb672922
  languageName: node
  linkType: hard

"pgpass@npm:1.x":
  version: 1.0.4
  resolution: "pgpass@npm:1.0.4"
  dependencies:
    split2: ^3.1.1
  checksum: 39234fabf08140e5f56a7320a77ffe155e6340379713b19a48c7387eaa3f4b4e39b9dba1aa3e7b8fd1ad1f3f70192f688d01bd09d64353cc74416caf645dda1f
  languageName: node
  linkType: hard

"pluralize@npm:^7.0.0":
  version: 7.0.0
  resolution: "pluralize@npm:7.0.0"
  checksum: d35d8aeda1eb2f81123131e76ed0f2f48d681abfa4c46e4c6fdd6dca622650c8bd531aa0c5a3c7f779bd9660d08ceb51660e1f55def4bd14328ecfa76fe69962
  languageName: node
  linkType: hard

"postgraphile-core@npm:4.11.2":
  version: 4.11.2
  resolution: "postgraphile-core@npm:4.11.2"
  dependencies:
    graphile-build: 4.11.0
    graphile-build-pg: 4.11.2
    tslib: ^2.0.1
  peerDependencies:
    graphql: ">=0.9 <0.14 || ^14.0.2 || ^15.4.0"
    pg: ">=6.1.0 <9"
  checksum: 6eca09f5eb8e5acfc1f4960fcdbeca52391b91ec0edd52577d10a7cb8a68dc0d5c9b389035b503679415322a602939a052dcb2fa67e3cb6a6fd2625097ad0b44
  languageName: node
  linkType: hard

"postgraphile@npm:^4.11.0":
  version: 4.11.0
  resolution: "postgraphile@npm:4.11.0"
  dependencies:
    "@graphile/lru": 4.11.0
    "@types/json5": ^0.0.30
    "@types/jsonwebtoken": ^8.3.2
    "@types/pg": ^7.4.10
    "@types/ws": ^7.4.0
    body-parser: ^1.15.2
    chalk: ^2.4.2
    commander: ^2.19.0
    debug: ^4.1.1
    finalhandler: ^1.0.6
    graphile-utils: ^4.11.2
    graphql: ^0.6.0 || ^0.7.0 || ^0.8.0-b || ^0.9.0 || ^0.10.0 || ^0.11.0 || ^0.12.0 || ^0.13.0 || ^14.0.2 || ^15.0.0
    graphql-ws: ^4.1.1
    http-errors: ^1.5.1
    iterall: ^1.0.2
    json5: ^2.1.1
    jsonwebtoken: ^8.0.0
    parseurl: ^1.3.2
    pg: ">=6.1.0 <9"
    pg-connection-string: ^2.0.0
    pg-sql2: 4.11.0
    postgraphile-core: 4.11.2
    subscriptions-transport-ws: ^0.9.18
    tslib: ^2.1.0
    ws: ^7.4.2
  bin:
    postgraphile: cli.js
  checksum: 6b96be303fe62ddd3c2557ece01317632f249145ab01f645bf3e8f722e71c62084dfeb993faf15b9436be2bcf12386be83d58ca2dcd514b494759ad476214f99
  languageName: node
  linkType: hard

"postgres-array@npm:~2.0.0":
  version: 2.0.0
  resolution: "postgres-array@npm:2.0.0"
  checksum: 99fd702c5c2bd44c55dac48935b321e564c0363cd9ec53f59e8df2c0141644055beb0d18d69007706a4d082c8557c2e5d03e9ccfeb6d455c98e75f35fe3ead94
  languageName: node
  linkType: hard

"postgres-bytea@npm:^3.0.0":
  version: 3.0.0
  resolution: "postgres-bytea@npm:3.0.0"
  dependencies:
    obuf: ~1.1.2
  checksum: 4c1ee521f55fcb24661182bb0e8c163950036e5aefe9c6f512c0c9fa6c64ac88ccc3f77f0d7f40c8c13db0acf10818828d89c3da3b000c902a848bb024348402
  languageName: node
  linkType: hard

"postgres-bytea@npm:~1.0.0":
  version: 1.0.0
  resolution: "postgres-bytea@npm:1.0.0"
  checksum: a3399e064521b039dfc23338423c687cbdbf422d9a0e92bb92fd19b6a5dbbab7847cc4a6e16d2a59f186096ec5e6bf7e9e4328b5d906b40e16f0d18794b4e29e
  languageName: node
  linkType: hard

"postgres-date@npm:~1.0.4":
  version: 1.0.7
  resolution: "postgres-date@npm:1.0.7"
  checksum: 823b22d37c27b7be145f7de8dd98f852dbcb6b54196e325df37350fbfc09dc65a8f6fac0b1200d5c8a90481aaebd99b07ef331e0141d3b242c0a48fe32a94f25
  languageName: node
  linkType: hard

"postgres-interval@npm:^1.1.0":
  version: 1.2.0
  resolution: "postgres-interval@npm:1.2.0"
  dependencies:
    xtend: ^4.0.0
  checksum: a882aae6c34a85ac6054d9c950d36bf2455cada769598c2eaf28326a45a722f23b8ba8b96efde939f38a663d5fc51ff93241afedf186ac9e9f9cf0af177370a1
  languageName: node
  linkType: hard

"proxy-addr@npm:~2.0.5":
  version: 2.0.6
  resolution: "proxy-addr@npm:2.0.6"
  dependencies:
    forwarded: ~0.1.2
    ipaddr.js: 1.9.1
  checksum: a7dcfd70258cdc3b73c5dc4a35c73db9857f3bf4cf5e6404380e8ea558f8c5569147e721a01195d00b450e36b4dde727fc9d22fdea14310ba38faa595530cd58
  languageName: node
  linkType: hard

"pseudomap@npm:^1.0.2":
  version: 1.0.2
  resolution: "pseudomap@npm:1.0.2"
  checksum: 1ad1802645e830d99f9c1db97efc6902d2316b660454633229f636dd59e751d00498dd325d3b18d49f2be990a2c9d28f8bfe6f9b544a8220a5faa2bfb4694bb7
  languageName: node
  linkType: hard

"qs@npm:6.7.0":
  version: 6.7.0
  resolution: "qs@npm:6.7.0"
  checksum: 8590470436ff0a75ae35e6b45fd7260e2beb537ff8ec1104f9703a349b09ce1aa27e8e1c06b9ad25ac62fc098e12cc65df93042a233128a0276ccd6de4c7819a
  languageName: node
  linkType: hard

"random-bytes@npm:~1.0.0":
  version: 1.0.0
  resolution: "random-bytes@npm:1.0.0"
  checksum: e60b4e1611b410b16dee4819040b19f787cce83e10f87518d0e0f807f2814b5f432d824740a79712903364ffc963c67ed1acbfb6d54201e9ab28fe80071617c9
  languageName: node
  linkType: hard

"range-parser@npm:~1.2.1":
  version: 1.2.1
  resolution: "range-parser@npm:1.2.1"
  checksum: 05074f5b23dbdc24acdae9821dd684fbc9c0d770cdaa4469ab529d8e0fc1338aa33561a4c7c14a1f9bdcb3b5e9a3770e5a80318258a72289a7ef05fcda72a707
  languageName: node
  linkType: hard

"raw-body@npm:2.4.0":
  version: 2.4.0
  resolution: "raw-body@npm:2.4.0"
  dependencies:
    bytes: 3.1.0
    http-errors: 1.7.2
    iconv-lite: 0.4.24
    unpipe: 1.0.0
  checksum: 46dc02f8b4f358786d41e18fb55533fbe4702d390e22bbe2b9c98c88dec41cab23ea2315f3ae0bf4bc0213a2872c89943d3df6857f4e21f996ea9d2d92f1bcaa
  languageName: node
  linkType: hard

"readable-stream@npm:^3.0.0":
  version: 3.6.0
  resolution: "readable-stream@npm:3.6.0"
  dependencies:
    inherits: ^2.0.3
    string_decoder: ^1.1.1
    util-deprecate: ^1.0.1
  checksum: f178b1daa80d9e58ebba71dbb08486430aa6f0dea3a22a1b7401f3f6983077d0bc0edea43099db06b8d006c9ad48d6383e8fb72c05d5b187670aeaf1b9b44f00
  languageName: node
  linkType: hard

"safe-buffer@npm:5.1.2":
  version: 5.1.2
  resolution: "safe-buffer@npm:5.1.2"
  checksum: 2708587c1b5e70a5e420714ceb59f30f5791c6e831d39812125a008eca63a4ac18578abd020a0776ea497ff03b4543f2b2a223a7b9073bf2d6c7af9ec6829218
  languageName: node
  linkType: hard

"safe-buffer@npm:5.2.1, safe-buffer@npm:^5.0.1, safe-buffer@npm:~5.2.0":
  version: 5.2.1
  resolution: "safe-buffer@npm:5.2.1"
  checksum: 0bb57f0d8f9d1fa4fe35ad8a2db1f83a027d48f2822d59ede88fd5cd4ddad83c0b497213feb7a70fbf90597a70c5217f735b0eb1850df40ce9b4ae81dd22b3f9
  languageName: node
  linkType: hard

"safer-buffer@npm:>= 2.1.2 < 3":
  version: 2.1.2
  resolution: "safer-buffer@npm:2.1.2"
  checksum: 549ba83f5b314b59898efe3422120ce1ca7987a6eae5925a5fa5db930dc414d4a9dde0a5594f89638cd6ea60b6840ea961872908933ac2428d1726489db46fa5
  languageName: node
  linkType: hard

"semver@npm:^5.6.0":
  version: 5.7.1
  resolution: "semver@npm:5.7.1"
  bin:
    semver: ./bin/semver
  checksum: 06ff0ed753ebf741b7602be8faad620d6e160a2cb3f61019d00d919c8bca141638aa23c34da779b8595afdc9faa3678bfbb5f60366b6a4f65f98cf86605bbcdb
  languageName: node
  linkType: hard

"semver@npm:^6.0.0":
  version: 6.3.0
  resolution: "semver@npm:6.3.0"
  bin:
    semver: ./bin/semver.js
  checksum: f0d155c06a67cc7e500c92d929339f1c6efd4ce9fe398aee6acc00a2333489cca0f5b4e76ee7292beba237fcca4b5a3d4a6153471f105f56299801bdab37289f
  languageName: node
  linkType: hard

"send@npm:0.17.1":
  version: 0.17.1
  resolution: "send@npm:0.17.1"
  dependencies:
    debug: 2.6.9
    depd: ~1.1.2
    destroy: ~1.0.4
    encodeurl: ~1.0.2
    escape-html: ~1.0.3
    etag: ~1.8.1
    fresh: 0.5.2
    http-errors: ~1.7.2
    mime: 1.6.0
    ms: 2.1.1
    on-finished: ~2.3.0
    range-parser: ~1.2.1
    statuses: ~1.5.0
  checksum: 58e4ab2e07e8dfb206ca954a9b85f4e367aba0e4d59ce4c9c96a82034385b67f25d33ad526fdb69d635744bbe4d8afea06e2c0348d7d32920e3489d86dc3ec6f
  languageName: node
  linkType: hard

"serve-static@npm:1.14.1":
  version: 1.14.1
  resolution: "serve-static@npm:1.14.1"
  dependencies:
    encodeurl: ~1.0.2
    escape-html: ~1.0.3
    parseurl: ~1.3.3
    send: 0.17.1
  checksum: 97e8c94ec02950d019000ca12a8e0b4fdeaaabb7ae965c1c05557b55b48114716ae92688972a8d9f06a5e2d5957c305253a859ec223bb39a1e0732366d0e2768
  languageName: node
  linkType: hard

"setprototypeof@npm:1.1.1":
  version: 1.1.1
  resolution: "setprototypeof@npm:1.1.1"
  checksum: 0efed4da5aec7535828ac07c3b560f0a54257a4a7d5390ffabe5530a083974aef577651507974215edb92a51efa142f22fb3242e24d630ba6adcbfc9e7f1ff2b
  languageName: node
  linkType: hard

"setprototypeof@npm:1.2.0":
  version: 1.2.0
  resolution: "setprototypeof@npm:1.2.0"
  checksum: 72691439857719aa33ec11ebc97960347f0f96e75c2fe65d0f2ca5c9c44fb1aa026e2ae528959624ed3ae3820fe06bfb1aded306402c5c941afd3dfdf47f79d0
  languageName: node
  linkType: hard

"split2@npm:^3.1.1":
  version: 3.2.2
  resolution: "split2@npm:3.2.2"
  dependencies:
    readable-stream: ^3.0.0
  checksum: 04bf20af25bfe917edbb7f719cc9dbd2ca16633e4e6a5e343a8c834310aafd802c74b3aceb96acf3571545b0340d55d2d3273dbee8f9bc6a811371dcfbe0c8a7
  languageName: node
  linkType: hard

"statuses@npm:>= 1.5.0 < 2, statuses@npm:~1.5.0":
  version: 1.5.0
  resolution: "statuses@npm:1.5.0"
  checksum: 57735269bf231176a60deb80f6d60214cb4a87663b0937e79497afe9aebe2597f8377fd28893f4d1776205f18dd0b927774a26b72051411ac5108e9e2dfc77d2
  languageName: node
  linkType: hard

"string_decoder@npm:^1.1.1":
  version: 1.3.0
  resolution: "string_decoder@npm:1.3.0"
  dependencies:
    safe-buffer: ~5.2.0
  checksum: 0a09afb610cb538707fcf0a50a080f159040529eabdba82f23b04f1d1f90adf9ba18cc3800231c6ab2ee55dece047f4bed87c56da52b2afd85c3c7fb73eb7e48
  languageName: node
  linkType: hard

"subscriptions-transport-ws@npm:^0.9.18":
  version: 0.9.18
  resolution: "subscriptions-transport-ws@npm:0.9.18"
  dependencies:
    backo2: ^1.0.2
    eventemitter3: ^3.1.0
    iterall: ^1.2.1
    symbol-observable: ^1.0.4
    ws: ^5.2.0
  peerDependencies:
    graphql: ">=0.10.0"
  checksum: 54f23dadb344395cff5f4719176fc78f0eced460ee718506981235f3b2ca20b31682ea859afcf988c430d42e1015dbb555f8ad1a219154b2d9f14c33565453ea
  languageName: node
  linkType: hard

"supports-color@npm:^5.3.0":
  version: 5.5.0
  resolution: "supports-color@npm:5.5.0"
  dependencies:
    has-flag: ^3.0.0
  checksum: edacee6425498440744c418be94b0660181aad2a1828bcf2be85c42bd385da2fd8b2b358d9b62b0c5b03ff5cd3e992458d7b8f879d9fb42f2201fe05a4848a29
  languageName: node
  linkType: hard

"symbol-observable@npm:^1.0.4":
  version: 1.2.0
  resolution: "symbol-observable@npm:1.2.0"
  checksum: 268834a1d4cba19d40f367e5c2755f612969c8418e43a3be17408e392802a667f8bb542893440d58a080a8ea8da05ea98e27e472b9f4ff6fbda78a21a1a41c53
  languageName: node
  linkType: hard

"toidentifier@npm:1.0.0":
  version: 1.0.0
  resolution: "toidentifier@npm:1.0.0"
  checksum: 95720e8a0f98f1525f50ccbecbc2a23f0a1b4e448de03819dbbeda03adf0d2010fe64525fbc9d549765242550d341bb891672e4ac0b2cac58613cdd742324255
  languageName: node
  linkType: hard

"tslib@npm:^2.0.1, tslib@npm:^2.1.0":
  version: 2.2.0
  resolution: "tslib@npm:2.2.0"
  checksum: 2d35468c470410871c5246e43f12dcb6d0fc363b617c176f26443b9530e5c5ee8448966892a42956168d8f495da7865bda33dfe82c26c91991e28999974a618f
  languageName: node
  linkType: hard

"type-is@npm:~1.6.17, type-is@npm:~1.6.18":
  version: 1.6.18
  resolution: "type-is@npm:1.6.18"
  dependencies:
    media-typer: 0.3.0
    mime-types: ~2.1.24
  checksum: 20a3514f1d835c979237995129d1f8c564325301e3a8f1c732bcbe1d7fa0ca1f65994e41a79e9030d79f31e5459bb9be5c377848fcb477cb3049a661b3713d74
  languageName: node
  linkType: hard

typescript@^4.2.4:
  version: 4.2.4
  resolution: "typescript@npm:4.2.4"
  bin:
    tsc: bin/tsc
    tsserver: bin/tsserver
  checksum: edaede2fa77f56b7fba80ee624a2368ab1216e75b0434d968ccb47ab0a5e2f6d94f848b3b111c1237dd71e988cd376af26370dcdad3b94355c76e759f0dd0a1e
  languageName: node
  linkType: hard

"typescript@patch:typescript@^4.2.4#builtin<compat/typescript>":
  version: 4.2.4
  resolution: "typescript@patch:typescript@npm%3A4.2.4#builtin<compat/typescript>::version=4.2.4&hash=a45b0e"
  bin:
    tsc: bin/tsc
    tsserver: bin/tsserver
  checksum: 3be44317593182e8ce494c114e7ad9b0bb2553a22f3085cc6da4f0a36912c20850daa9be4c898af2ab6fc8b12f430c1c9e46ac715721867cd38643f2350d3ef9
  languageName: node
  linkType: hard

"uid-safe@npm:~2.1.5":
  version: 2.1.5
  resolution: "uid-safe@npm:2.1.5"
  dependencies:
    random-bytes: ~1.0.0
  checksum: 3babb99505759403264600665e7e639ac8ab4a5e608bcc9442e35a59bc72c6c4c0e305de70612b7e3ab4866d5e3adeeb419a22f011b64d445039b947a33824ee
  languageName: node
  linkType: hard

"unpipe@npm:1.0.0, unpipe@npm:~1.0.0":
  version: 1.0.0
  resolution: "unpipe@npm:1.0.0"
  checksum: ba244e8bf640475b2143af95be5d71353cd4d238d63abf5dfe700c67841f066eb0819fc60dee7f2348ef647a5644a06ba024b9a0ab6d399fc07a05eb72a30ac7
  languageName: node
  linkType: hard

"util-deprecate@npm:^1.0.1":
  version: 1.0.2
  resolution: "util-deprecate@npm:1.0.2"
  checksum: 73c2b1cf0210ccac300645384d8443cabbd93194117b2dc1b3bae8d8279ad39aedac857e020c4ea505e96a1045059c7359db3df6a9df0be6b8584166c9d61dc9
  languageName: node
  linkType: hard

"utils-merge@npm:1.0.1":
  version: 1.0.1
  resolution: "utils-merge@npm:1.0.1"
  checksum: a457956ebc09efbda05da8bf213ab89140bb9dffa3c42b3315dd8fc3c45d67a1b802741f58b7bba4872113201fc275fc86470289d8bd32b74297b5e5b5980705
  languageName: node
  linkType: hard

"vary@npm:~1.1.2":
  version: 1.1.2
  resolution: "vary@npm:1.1.2"
  checksum: 591f059f727ac1ba0d97cb7767f8583a03fcbb07db7be2b7dce838ede520ec0e958a41cb19077054769077fdc49a9b9a2dc391c83426bfee89c054b8cc7404bf
  languageName: node
  linkType: hard

"ws@npm:^5.2.0":
  version: 5.2.2
  resolution: "ws@npm:5.2.2"
  dependencies:
    async-limiter: ~1.0.0
  checksum: c8217b54821ac9109bd395029487fd2a577867d6227624079dfa04c927728be13fdbe43070b2d349e9360d7dd17416c33362ba1062bff3bd9ddab6e9a9272915
  languageName: node
  linkType: hard

"ws@npm:^7.4.2":
  version: 7.4.5
  resolution: "ws@npm:7.4.5"
  peerDependencies:
    bufferutil: ^4.0.1
    utf-8-validate: ^5.0.2
  peerDependenciesMeta:
    bufferutil:
      optional: true
    utf-8-validate:
      optional: true
  checksum: 20731aa1075336b94677f6741b674469c3c7fce9b70115bb535827c7c108a9d714f0b38ce39289b63c652870f9801afaf096f8aab32da96be62d919e80e4ed32
  languageName: node
  linkType: hard

"xtend@npm:^4.0.0":
  version: 4.0.2
  resolution: "xtend@npm:4.0.2"
  checksum: 37ee522a3e9fb9b143a400c30b21dc122aa8c9c9411c6afae1005a4617dc20a21765c114d544e37a6bb60c2733dd8ee0a44ed9e80d884ac78cccd30b5e0ab0da
  languageName: node
  linkType: hard

"yallist@npm:^2.1.2":
  version: 2.1.2
  resolution: "yallist@npm:2.1.2"
  checksum: f83e3d18eeba68a0276be2ab09260be3f2a300307e84b1565c620ef71f03f106c3df9bec4c3a91e5fa621a038f8826c19b3786804d3795dd4f999e5b6be66ea3
  languageName: node
  linkType: hard

"yallist@npm:^3.0.2":
  version: 3.1.1
  resolution: "yallist@npm:3.1.1"
  checksum: f352c93b92f601bb0399210bca37272e669c961e9bd886bac545380598765cbfdfb4f166e7b6c57ca4ec8a5af4ab3fa0fd78a47f9a7d655a3d580ff0fc9e7d79
  languageName: node
  linkType: hard
