github.com/caarlos0/env/v6 v6.9.3 h1:Tyg69hoVXDnpO5Qvpsu8EoquarbPyQb+YwExWHP8wWU=
github.com/caarlos0/env/v6 v6.9.3/go.mod h1:hvp/ryKXKipEkcuYjs9mI4bBCg+UI0Yhgm5Zu0ddvwc=
github.com/davecgh/go-spew v1.1.1 h1:vj9j/u1bqnvCEfJOwUhtlOARqs3+rkHYY13jYWTU97c=
github.com/domonda/go-encjson v0.0.0-20210830085227-1beee57a72d8 h1:fKtb4cd3cTeioONoavHmcJ8R1zWbU3cVzt2pXHhYWOs=
github.com/domonda/go-encjson v0.0.0-20210830085227-1beee57a72d8/go.mod h1:i9MgoQ+iTNvBGS63YftEDoNsr6dW6lAefUibkoCdMS4=
github.com/domonda/go-errs v0.0.0-20220622113709-bc43209ba645 h1:hCCfGvOsbejnNPUdqD/wtE/t4pRjEn8/706tRqxUmck=
github.com/domonda/go-errs v0.0.0-20220622113709-bc43209ba645/go.mod h1:WvIoE59Dfs0hhB2GYSlwowlBr2WWGXf/F74bg6HWUpQ=
github.com/domonda/go-function v0.0.0-20220318141119-91eefc6476f2 h1:o2Q90eGHaH+EQMJzA5FLl140+NiymEoxINA0vbPATvs=
github.com/domonda/go-function v0.0.0-20220318141119-91eefc6476f2/go.mod h1:FWeR6gYZ/scPnAr9FnWpzfaXWMQoWumwNFsVOBdX34o=
github.com/domonda/go-pretty v0.0.0-20220317123925-dd9e6bef129a h1:6/Is0KGl5Ot3E8ZLAgAFWYiSRdU+3t3jL38+5yIlCV4=
github.com/domonda/go-pretty v0.0.0-20220317123925-dd9e6bef129a/go.mod h1:3QkM8UJdyJMeKZiIo7hYzSkQBpRS3k0gOHw4ysyEIB4=
github.com/domonda/go-sqldb v0.0.0-20220617122442-5b41b8412a5a h1:GEKN6GCkEut0SWxP1SRSe0qxzdVrXddBoDUD5SLu9E4=
github.com/domonda/go-sqldb v0.0.0-20220617122442-5b41b8412a5a/go.mod h1:nHRTWGdP2qob3pfl/7DwzwGaZJMJ5wqPttunv8dxN8Q=
github.com/domonda/go-types v0.0.0-20220614092523-688aad7f8c57 h1:ivIpyltPSRPx1CdqqcXUi+hEp3SyFt6RR6B19pwpYOY=
github.com/domonda/go-types v0.0.0-20220614092523-688aad7f8c57/go.mod h1:jqmELFrQI8hv+uaTNjxht99Wn+14jbUoSmwkbnxaA/g=
github.com/domonda/golog v0.0.0-20220610125052-879dc7b66d40 h1:6ux1uKjk9YTyJ1ncVYbPeeCKnpZ6+WBCpvjAuGpwUIw=
github.com/domonda/golog v0.0.0-20220610125052-879dc7b66d40/go.mod h1:iCKVopSl1CP2dCjfbKI6OjItBU1+n2XQ+eb+91GyQVA=
github.com/fatih/color v1.13.0 h1:8LOYc1KYPPmyKMuN8QV2DNRWNbLo6LZ0iLs8+mlH53w=
github.com/fatih/color v1.13.0/go.mod h1:kLAiJbzzSOZDVNGyDpeOxJ47H46qBXwg5ILebYFFOfk=
github.com/felixge/httpsnoop v1.0.1/go.mod h1:m8KPJKqk1gH5J9DgRY2ASl2lWCfGKXixSwevea8zH2U=
github.com/felixge/httpsnoop v1.0.3 h1:s/nj+GCswXYzN5v2DpNMuMQYe+0DDwt5WVCU6CWBdXk=
github.com/felixge/httpsnoop v1.0.3/go.mod h1:m8KPJKqk1gH5J9DgRY2ASl2lWCfGKXixSwevea8zH2U=
github.com/gorilla/handlers v1.5.1 h1:9lRY6j8DEeeBT10CvO9hGW0gmky0BprnvDI5vfhUHH4=
github.com/gorilla/handlers v1.5.1/go.mod h1:t8XrUpc4KVXb7HGyJ4/cEnwQiaxrX/hz1Zv/4g96P1Q=
github.com/gorilla/mux v1.8.0 h1:i40aqfkR1h2SlN9hojwV5ZA91wcXFOvkdNIeFDP5koI=
github.com/gorilla/mux v1.8.0/go.mod h1:DVbg23sWSpFRCP0SfiEN6jmj59UnW/n46BH5rLB71So=
github.com/h2non/filetype v1.1.3 h1:FKkx9QbD7HR/zjK1Ia5XiBsq9zdLi5Kf3zGyFTAFkGg=
github.com/h2non/filetype v1.1.3/go.mod h1:319b3zT68BvV+WRj7cwy856M2ehB3HqNOt6sy1HndBY=
github.com/jinzhu/now v1.1.5 h1:/o9tlHleP7gOFmsnYNz3RGnqzefHA47wQpKrrdTIwXQ=
github.com/jinzhu/now v1.1.5/go.mod h1:d3SSVoowX0Lcu0IBviAWJpolVfI5UJVZZ7cO71lE/z8=
github.com/joho/godotenv v1.4.0 h1:3l4+N6zfMWnkbPEXKng2o2/MR5mSwTrBih4ZEkkz1lg=
github.com/joho/godotenv v1.4.0/go.mod h1:f4LDr5Voq0i2e/R5DDNOoa2zzDfwtkZa6DnEwAbqwq4=
github.com/lib/pq v1.10.6 h1:jbk+ZieJ0D7EVGJYpL9QTz7/YW6UHbmdnZWYyK5cdBs=
github.com/lib/pq v1.10.6/go.mod h1:AlVN5x4E4T544tWzH6hKfbfQvm3HdbOxrmggDNAPY9o=
github.com/lucasb-eyer/go-colorful v1.2.0 h1:1nnpGOrhyZZuNyfu1QjKiUICQ74+3FNCN69Aj6K7nkY=
github.com/lucasb-eyer/go-colorful v1.2.0/go.mod h1:R4dSotOR9KMtayYi1e77YzuveK+i7ruzyGqttikkLy0=
github.com/mattn/go-colorable v0.1.9/go.mod h1:u6P/XSegPjTcexA+o6vUJrdnUu04hMope9wVRipJSqc=
github.com/mattn/go-colorable v0.1.12 h1:jF+Du6AlPIjs2BiUiQlKOX0rt3SujHxPnksPKZbaA40=
github.com/mattn/go-colorable v0.1.12/go.mod h1:u5H1YNBxpqRaxsYJYSkiCWKzEfiAb1Gb520KVy5xxl4=
github.com/mattn/go-isatty v0.0.12/go.mod h1:cbi8OIDigv2wuxKPP5vlRcQ1OAZbq2CE4Kysco4FUpU=
github.com/mattn/go-isatty v0.0.14 h1:yVuAays6BHfxijgZPzw+3Zlu5yQgKGP2/hcQbHb7S9Y=
github.com/mattn/go-isatty v0.0.14/go.mod h1:7GGIvUiUoEMVVmxf/4nioHXj79iQHKdU27kJ6hsGG94=
github.com/mattn/go-runewidth v0.0.13 h1:lTGmDsbAYt5DmK6OnoV7EuIF1wEIFAcxld6ypU4OSgU=
github.com/mattn/go-runewidth v0.0.13/go.mod h1:Jdepj2loyihRzMpdS35Xk/zdY8IAYHsh153qUoGf23w=
github.com/muesli/termenv v0.12.0 h1:KuQRUE3PgxRFWhq4gHvZtPSLCGDqM5q/cYr1pZ39ytc=
github.com/muesli/termenv v0.12.0/go.mod h1:WCCv32tusQ/EEZ5S8oUIIrC/nIuBcxCVqlN4Xfkv+7A=
github.com/pmezard/go-difflib v1.0.0 h1:4DBwDE0NGyQoBHbLQYPwSUPoCMWR5BEzIk/f1lZbAQM=
github.com/rivo/uniseg v0.2.0 h1:S1pD9weZBuJdFmowNwbpi7BJ8TNftyUImj/0WQi72jY=
github.com/rivo/uniseg v0.2.0/go.mod h1:J6wj4VEh+S6ZtnVlnTBMWIodfgj8LQOQFoIToxlJtxc=
github.com/stretchr/testify v1.7.4 h1:wZRexSlwd7ZXfKINDLsO4r7WBt3gTKONc6K/VesHvHM=
github.com/ungerik/go-fs v0.0.0-20220512161433-311310666b2b h1:1+I7Fes5qriSC2IODPuRvTXTvy8qrsewvbr7vtYqKhA=
github.com/ungerik/go-fs v0.0.0-20220512161433-311310666b2b/go.mod h1:0dLckcdU6Bf1yagSmO+hfsh+uozopBAiWkMhFR9J6vg=
github.com/ungerik/go-httpx v0.0.0-20220112162338-087d2c80ef46 h1:z18o64QWm2jUoEjpw09Pyxv4G+YiOt5aLU2RJBdhEuQ=
github.com/ungerik/go-httpx v0.0.0-20220112162338-087d2c80ef46/go.mod h1:jZGOZsTnyKMALRUsGoggJ5tPAxjc346oIZHIVoosEtw=
github.com/ungerik/go-reflection v0.0.0-20220113085621-6c5fc1f2694a h1:9vfYtqoyrPw08TbSLxkSXEflp6iXa3RL86Qjs+DrVas=
github.com/ungerik/go-reflection v0.0.0-20220113085621-6c5fc1f2694a/go.mod h1:6Hnd2/4g3Tpt6TjvxHx8wXOZziwApVxRdIGkr7vNpXs=
golang.org/x/crypto v0.0.0-20220622213112-05595931fe9d h1:sK3txAijHtOK88l68nt020reeT1ZdKLIYetKl95FzVY=
golang.org/x/crypto v0.0.0-20220622213112-05595931fe9d/go.mod h1:IxCIyHEi3zRg3s0A5j5BB6A9Jmi73HwBIUl50j+osU4=
golang.org/x/exp v0.0.0-20220706164943-b4a6d9510983 h1:sUweFwmLOje8KNfXAVqGGAsmgJ/F8jJ6wBLJDt4BTKY=
golang.org/x/exp v0.0.0-20220706164943-b4a6d9510983/go.mod h1:Kr81I6Kryrl9sr8s2FK3vxD90NdsKWRuOIl2O4CvYbA=
golang.org/x/net v0.0.0-20220708220712-1185a9018129 h1:vucSRfWwTsoXro7P+3Cjlr6flUMtzCwzlvkxEQtHHB0=
golang.org/x/net v0.0.0-20220708220712-1185a9018129/go.mod h1:XRhObCWvk6IyKnWLug+ECip1KBveYUHfp+8e9klMJ9c=
golang.org/x/sys v0.0.0-20200116001909-b77594299b42/go.mod h1:h1NjWce9XRLGQEsW7wpKNCjG9DtNlClVuFLEZdDNbEs=
golang.org/x/sys v0.0.0-20200223170610-d5e6a3e2c0ae/go.mod h1:h1NjWce9XRLGQEsW7wpKNCjG9DtNlClVuFLEZdDNbEs=
golang.org/x/sys v0.0.0-20210630005230-0f9fa26af87c/go.mod h1:oPkhp1MJrh7nUepCBck5+mAzfO9JrbApNNgaTdGDITg=
golang.org/x/sys v0.0.0-20210927094055-39ccf1dd6fa6/go.mod h1:oPkhp1MJrh7nUepCBck5+mAzfO9JrbApNNgaTdGDITg=
golang.org/x/sys v0.0.0-20220209214540-3681064d5158/go.mod h1:oPkhp1MJrh7nUepCBck5+mAzfO9JrbApNNgaTdGDITg=
golang.org/x/sys v0.0.0-20220708085239-5a0f0661e09d h1:/m5NbqQelATgoSPVC2Z23sR4kVNokFwDDyWh/3rGY+I=
golang.org/x/sys v0.0.0-20220708085239-5a0f0661e09d/go.mod h1:oPkhp1MJrh7nUepCBck5+mAzfO9JrbApNNgaTdGDITg=
golang.org/x/text v0.3.7 h1:olpwvP2KacW1ZWvsR7uQhoyTYvKAupfQrRGBFM352Gk=
golang.org/x/text v0.3.7/go.mod h1:u+2+/6zg+i71rQMx5EYifcz6MCKuco9NR6JIITiCfzQ=
gopkg.in/yaml.v3 v3.0.1 h1:fxVm/GzAzEWqLHuvctI91KS9hhNmmWOoWu0XTYJS7CA=
