# This file is generated by running "yarn install" inside your project.
# Manual changes might be lost - proceed with caution!

__metadata:
  version: 4

"@graphile-contrib/pg-non-null@npm:^1.0.3":
  version: 1.0.3
  resolution: "@graphile-contrib/pg-non-null@npm:1.0.3"
  checksum: 3/a60babb321c35f5a4bbda9e39c0b479d116b8ec9335f865f1cf73f2d7ff7080e8bf044e340cc6d4e58faa6c3fdc52df6814ffb4b39154264b74032ed2b072084
  languageName: node
  linkType: hard

"@graphile/lru@npm:4.5.0":
  version: 4.5.0
  resolution: "@graphile/lru@npm:4.5.0"
  checksum: 3/ee868a49ab5a794baf6c1b63583f2634d88ee9b6117fde1188924ba05579fed7cbf217602226d23ccb1949259a941645d87f4df92ec45fa395530f6cc9417218
  languageName: node
  linkType: hard

"@types/accepts@npm:*":
  version: 1.3.5
  resolution: "@types/accepts@npm:1.3.5"
  dependencies:
    "@types/node": "*"
  checksum: 3/78a31c01d948c405a1a6a89061f0acd5a89df40de445c36382538985a3d00a236ba1cc5099bd812118525c2f29bb61d4869cd775ba63dd3e160113b5fa203915
  languageName: node
  linkType: hard

"@types/body-parser@npm:*":
  version: 1.19.0
  resolution: "@types/body-parser@npm:1.19.0"
  dependencies:
    "@types/connect": "*"
    "@types/node": "*"
  checksum: 3/4576f3fde5980c1219cadbc7c523bdb1cefc3713300e18bf47ff37bb9b8176342a1dc7519008311fd8fc11413cf188a83931b9b59051aa1c2f095c1e10459369
  languageName: node
  linkType: hard

"@types/connect@npm:*":
  version: 3.4.33
  resolution: "@types/connect@npm:3.4.33"
  dependencies:
    "@types/node": "*"
  checksum: 3/6414495b5995fcb8274feb8b1f113c0685160ea7781e75c638325c6e7a0c226d0c554fa622fe3d278470358c99f68a5994fe49e1b104736f76f3fb3b509e375f
  languageName: node
  linkType: hard

"@types/content-disposition@npm:*":
  version: 0.5.3
  resolution: "@types/content-disposition@npm:0.5.3"
  checksum: 3/1b7d94b19ae8564816233b74df5f662052d393d0fdb317c81d894f5e1e762010c46b1812ce01a1492a72603e182afd18a59673e25ae737efc3e470ba261697d7
  languageName: node
  linkType: hard

"@types/cookies@npm:*":
  version: 0.7.4
  resolution: "@types/cookies@npm:0.7.4"
  dependencies:
    "@types/connect": "*"
    "@types/express": "*"
    "@types/keygrip": "*"
    "@types/node": "*"
  checksum: 3/641b1f5122a90914224784c23b7cd16434578255996abe6ef944c76e76839d5d6b124fec38c44a41e6855a49b926df3296c91c40fc54116638826783998ecc03
  languageName: node
  linkType: hard

"@types/express-serve-static-core@npm:*":
  version: 4.17.7
  resolution: "@types/express-serve-static-core@npm:4.17.7"
  dependencies:
    "@types/node": "*"
    "@types/qs": "*"
    "@types/range-parser": "*"
  checksum: 3/efb5f5b662b00643cf266937ffd676e80dd89fbb6d70a85a8ce646444435a100b0fbb5bd7231f5c9872855aa56769b71b83afb1542c640d56e64d3de5917b64d
  languageName: node
  linkType: hard

"@types/express@npm:*":
  version: 4.17.6
  resolution: "@types/express@npm:4.17.6"
  dependencies:
    "@types/body-parser": "*"
    "@types/express-serve-static-core": "*"
    "@types/qs": "*"
    "@types/serve-static": "*"
  checksum: 3/45e31c66a048bfb8ddfb28f9c7f448f89eb8667132dc13f0e35397d5e4df05796f920a114bb774ba910bb3795a18d17a3ea8ae6aaf4d0d2e6b6c5622866f21d0
  languageName: node
  linkType: hard

"@types/http-assert@npm:*":
  version: 1.5.1
  resolution: "@types/http-assert@npm:1.5.1"
  checksum: 3/0c9cbc568be88c60870d96953880c9b2c1d7c290df928a4004693debb715b8ad1b3e8a2f4b13b84e22b41379d20d9255e960532cf613a28126e8a433ddabac01
  languageName: node
  linkType: hard

"@types/json5@npm:^0.0.30":
  version: 0.0.30
  resolution: "@types/json5@npm:0.0.30"
  checksum: 3/af9d434f14dc6337e16454944bca5eadbdf5d0e85a0ef59fe5e011eadabfe126f42f3913bf7fee478747cf34efd88061ac0e15ede07b83986ae31aa2ddda6232
  languageName: node
  linkType: hard

"@types/jsonwebtoken@npm:^8.3.2":
  version: 8.5.0
  resolution: "@types/jsonwebtoken@npm:8.5.0"
  dependencies:
    "@types/node": "*"
  checksum: 3/d1a6b28f826898bc4f5596d91705aa864419c4a5ca49215507260644af8ceff9edb6db1901a108207cfb22558d035655b55309f38b75fa081da01be9f5408b21
  languageName: node
  linkType: hard

"@types/keygrip@npm:*":
  version: 1.0.2
  resolution: "@types/keygrip@npm:1.0.2"
  checksum: 3/8d86a3d702146ae7012571f1783bdc1228cc42ec89472b7ed14c2a46b12b1fa7423e9ecfbe1167bdbc4f26bdc95ee4b3b757a9df29202f98333cddc379b46f6d
  languageName: node
  linkType: hard

"@types/koa-compose@npm:*":
  version: 3.2.5
  resolution: "@types/koa-compose@npm:3.2.5"
  dependencies:
    "@types/koa": "*"
  checksum: 3/bb6cae03095752d2f351e650ec4f5631c4512aec85bf5f7bab210a91a04714fbe0e75edac120cb56aff2cee5c6549bd6bf7a0ccc35f3adc0aa41d463b0a1f310
  languageName: node
  linkType: hard

"@types/koa@npm:*, @types/koa@npm:^2.0.44":
  version: 2.11.3
  resolution: "@types/koa@npm:2.11.3"
  dependencies:
    "@types/accepts": "*"
    "@types/content-disposition": "*"
    "@types/cookies": "*"
    "@types/http-assert": "*"
    "@types/keygrip": "*"
    "@types/koa-compose": "*"
    "@types/node": "*"
  checksum: 3/3e92c13f320b92a35f89efe75d8d42d3ae9ff22600ca05582d206caff5b5ab16ea70f96410c473680792b4548bff7e6dd853d0ddd594d93f226dc23b9782e4bc
  languageName: node
  linkType: hard

"@types/mime@npm:*":
  version: 2.0.2
  resolution: "@types/mime@npm:2.0.2"
  checksum: 3/4ec6fb38c3e7fcd914f50f0f620a6dcca82dc71dbc6ed4869fef2b7be666db7bb1746d554a680d79d3f70f80c1f0199dafba4c918bc5c353200d3551e9b4d6b9
  languageName: node
  linkType: hard

"@types/node@npm:*":
  version: 14.0.9
  resolution: "@types/node@npm:14.0.9"
  checksum: 3/4166fd08927bbf73c6de360519e1eae4c032f419c2c5cd9abd939d3f258cac8059cca4add61c7f129cc850b2e28af6565862b67f1142147e8e2498f0fc6b2aff
  languageName: node
  linkType: hard

"@types/pg-types@npm:*":
  version: 1.11.5
  resolution: "@types/pg-types@npm:1.11.5"
  checksum: 3/11a2b2aee93f2857dd6b929bf6eb80f41eb66303dad354fb0a1317f81202d77dbc690366777dc426dacfb964dfe3a3181116576a06e07d46a068f7f55e17c95f
  languageName: node
  linkType: hard

"@types/pg@npm:>=6 <8, @types/pg@npm:^7.4.10":
  version: 7.14.3
  resolution: "@types/pg@npm:7.14.3"
  dependencies:
    "@types/node": "*"
    "@types/pg-types": "*"
  checksum: 3/eedcd09f1e70104f4dc3fdb4a610aae38686ce65b245e6853af509f172c8967f6244c44e48040ea580a4390038514998b531bfa3f971771302a5e8f756f66aaa
  languageName: node
  linkType: hard

"@types/qs@npm:*":
  version: 6.9.3
  resolution: "@types/qs@npm:6.9.3"
  checksum: 3/4b6b5b759423dbd08581e6dc55d140651455f01a8587a03ac557799e605c190119f6f9446494665d7409889f08aaec7763223f7c26972de0d897a3238710ed71
  languageName: node
  linkType: hard

"@types/range-parser@npm:*":
  version: 1.2.3
  resolution: "@types/range-parser@npm:1.2.3"
  checksum: 3/092fabae0ecbd728d3e4debc938cd043e97cb9f210cfec1c56ff6065c6e91666f376eb586591825d6757a058fd1a1dc4831d34e04ecfbb0800f35b8d86d38635
  languageName: node
  linkType: hard

"@types/serve-static@npm:*":
  version: 1.13.4
  resolution: "@types/serve-static@npm:1.13.4"
  dependencies:
    "@types/express-serve-static-core": "*"
    "@types/mime": "*"
  checksum: 3/9b9f2a91248ccdc13f2ca658d276bac6b7c7f6907dcb3c9b1602d4d239438717323226b1469788b351967ae29d25663fa66328668923e674246b20d5df4f3e88
  languageName: node
  linkType: hard

"@types/ws@npm:^6.0.1":
  version: 6.0.4
  resolution: "@types/ws@npm:6.0.4"
  dependencies:
    "@types/node": "*"
  checksum: 3/51946229939701e34b1e6804019ef6dd1f7cc897001333f17ac5c76926c2dd2b987eeb77d2ded60016bda2d06f1fa7db4b67c83e9da750369a8cbe5e65411bc0
  languageName: node
  linkType: hard

"ansi-styles@npm:^3.2.1":
  version: 3.2.1
  resolution: "ansi-styles@npm:3.2.1"
  dependencies:
    color-convert: ^1.9.0
  checksum: 3/456e1c23d9277512a47718da75e7fbb0a5ee215ef893c2f76d6b3efe8fceabc861121b80b0362146f5f995d21a1633f05a19bbf6283ae66ac11dc3b9c0bed779
  languageName: node
  linkType: hard

"async-limiter@npm:~1.0.0":
  version: 1.0.1
  resolution: "async-limiter@npm:1.0.1"
  checksum: 3/d123312ace75c07399ddc58e06cc028dacce35f71cdf59cf9b22f6c31dde221c22285e6185ede823ecb67f3b3065e26205eb9f74fcbba3f12ce7a2c2b09d7763
  languageName: node
  linkType: hard

"backo2@npm:^1.0.2":
  version: 1.0.2
  resolution: "backo2@npm:1.0.2"
  checksum: 3/72f19a0fd2b573f5504adf1f2e74e7658eec000e7732ebd5f622b6b1d520187277a5e8310787906455d02fcf915f35c5c48e54c997bed1a60b95355db8f2ccab
  languageName: node
  linkType: hard

"body-parser@npm:^1.15.2":
  version: 1.19.0
  resolution: "body-parser@npm:1.19.0"
  dependencies:
    bytes: 3.1.0
    content-type: ~1.0.4
    debug: 2.6.9
    depd: ~1.1.2
    http-errors: 1.7.2
    iconv-lite: 0.4.24
    on-finished: ~2.3.0
    qs: 6.7.0
    raw-body: 2.4.0
    type-is: ~1.6.17
  checksum: 3/18c2a81df5eabc7e3541bc9ace394b88e6fbd390989b5e764ff34c3f9dbd097e19986c31baa9b855ec5c2cff2b79157449afb0cdfb97bb99c11d6239b2c47a34
  languageName: node
  linkType: hard

"buffer-equal-constant-time@npm:1.0.1":
  version: 1.0.1
  resolution: "buffer-equal-constant-time@npm:1.0.1"
  checksum: 3/a38a6fead170594b97894658d0e62e3686ccaecea480051c0bf69ba29274eca87203452590c3b6a1b589a7da1baef89420da00a8f08c010675c1dbc25f58edf9
  languageName: node
  linkType: hard

"buffer-writer@npm:2.0.0":
  version: 2.0.0
  resolution: "buffer-writer@npm:2.0.0"
  checksum: 3/aeeac620f1010c1169e735661606872f058f2fba3a2efc0291a7f551a6e5900fd7b983f38e206fc7b991e3d1e3735f7da984c19c9af72c306582e2979819329d
  languageName: node
  linkType: hard

"bytes@npm:3.1.0":
  version: 3.1.0
  resolution: "bytes@npm:3.1.0"
  checksum: 3/c3f64645ef37922c8194fef88a052de2a28101882dfdf8a225493888c4941a26ea15164957e7492e5c5e3a8e98ee6276f4834efacb68e2d8ad4d91f903250b6c
  languageName: node
  linkType: hard

"chalk@npm:^2.4.2":
  version: 2.4.2
  resolution: "chalk@npm:2.4.2"
  dependencies:
    ansi-styles: ^3.2.1
    escape-string-regexp: ^1.0.5
    supports-color: ^5.3.0
  checksum: 3/22c7b7b5bc761c882bb6516454a1a671923f1c53ff972860065aa0b28a195f230163c1d46ee88bcc7a03e5539177d896457d8bc727de7f244c6e87032743038e
  languageName: node
  linkType: hard

"color-convert@npm:^1.9.0":
  version: 1.9.3
  resolution: "color-convert@npm:1.9.3"
  dependencies:
    color-name: 1.1.3
  checksum: 3/5f244daa3d1fe1f216d48878c550465067d15268688308554e613b7640a068f96588096d51f0b98b68f15d6ff6bb8ad24e172582ac8c0ad43fa4d3da60fd1b79
  languageName: node
  linkType: hard

"color-name@npm:1.1.3":
  version: 1.1.3
  resolution: "color-name@npm:1.1.3"
  checksum: 3/d8b91bb90aefc05b6ff568cf8889566dcc6269824df6f3c9b8ca842b18d7f4d089c07dc166808d33f22092d4a79167aa56a96a5ff0d21efab548bf44614db43b
  languageName: node
  linkType: hard

"commander@npm:^2.19.0":
  version: 2.20.3
  resolution: "commander@npm:2.20.3"
  checksum: 3/b73428e97de7624323f81ba13f8ed9271de487017432d18b4da3f07cfc528ad754bbd199004bd5d14e0ccd67d1fdfe0ec8dbbd4c438b401df3c4cc387bfd1daa
  languageName: node
  linkType: hard

"content-type@npm:~1.0.4":
  version: 1.0.4
  resolution: "content-type@npm:1.0.4"
  checksum: 3/ff6e19cbf281c23d5608723a6dc60ac97e2280bd4d21602511283112321e6c1555895e395555e367672b54a0f1585276284b7c3c8be313aca73902ac2f2609fd
  languageName: node
  linkType: hard

"debug@npm:2.6.9":
  version: 2.6.9
  resolution: "debug@npm:2.6.9"
  dependencies:
    ms: 2.0.0
  checksum: 3/559f44f98cf25e2ee489022aec173afbff746564cb108c4493becb95bc3c017a67bdaa25a0ff64801fd32c35051d00af0e56cc7f762ae2c3bc089496e5a1c31b
  languageName: node
  linkType: hard

"debug@npm:>=3 <5, debug@npm:^4.1.1":
  version: 4.2.0
  resolution: "debug@npm:4.2.0"
  dependencies:
    ms: 2.1.2
  peerDependencies:
    supports-color: "*"
  peerDependenciesMeta:
    supports-color:
      optional: true
  checksum: 3/dcfb8ede26b4d899628a75806923ab9ad29daae7db0f6f1ca6227b660693ae0ca085c7f87261793abe0832ad56aff2afc33f907c6b5dc96a41fc208771feb465
  languageName: node
  linkType: hard

"depd@npm:~1.1.2":
  version: 1.1.2
  resolution: "depd@npm:1.1.2"
  checksum: 3/f45566ff7019a346852f095768a380778ed544de24e103b479fd5d3e61982d670efbb5234c09d0588d7fdb09c26c48283d7150e4be5e6ce5d3d37cd268d75c4d
  languageName: node
  linkType: hard

"ecdsa-sig-formatter@npm:1.0.11":
  version: 1.0.11
  resolution: "ecdsa-sig-formatter@npm:1.0.11"
  dependencies:
    safe-buffer: ^5.0.1
  checksum: 3/9d07775ee274e0ca3978a562e9eba14ce77ecc804d977d0e94525c2aa4a70d909eda5703810955d22fd06fc6312e6aacf85e233eebdabc7b27a0a38fd62902a4
  languageName: node
  linkType: hard

"ee-first@npm:1.1.1":
  version: 1.1.1
  resolution: "ee-first@npm:1.1.1"
  checksum: 3/ba74f91398e3ee3b6d665b2f0d13ad6530e89a7e64ec886a6eec0602fb8a5a274652960e21bd5d4b42fdeb9017d873ff872f50342d38779e955285977edb337c
  languageName: node
  linkType: hard

"encodeurl@npm:~1.0.2":
  version: 1.0.2
  resolution: "encodeurl@npm:1.0.2"
  checksum: 3/6ee5fcbcd245d2a2b6bd6fe36b80f91e31ab46e29192c50af00e8f860c0c2310ebbdaae40257878fdce90b42abcb3526895c7c3a2e229461ed1f0d0b5a020fc8
  languageName: node
  linkType: hard

"escape-html@npm:~1.0.3":
  version: 1.0.3
  resolution: "escape-html@npm:1.0.3"
  checksum: 3/900a7f2b80b9f89c85b7a303d1b7a4d354b93e328871414f165f13c5c209a80eab787e3a63429e596877def69fe4dcb3d1b55af655207a901a9ec99f7f148743
  languageName: node
  linkType: hard

"escape-string-regexp@npm:^1.0.5":
  version: 1.0.5
  resolution: "escape-string-regexp@npm:1.0.5"
  checksum: 3/f9484b8b4c8827d816e0fd905c25ed4b561376a9c220e1430403ea84619bf680c76a883a48cff8b8e091daf55d6a497e37479f9787b9f15f3c421b6054289744
  languageName: node
  linkType: hard

"eventemitter3@npm:^3.1.0":
  version: 3.1.2
  resolution: "eventemitter3@npm:3.1.2"
  checksum: 3/fa1a206c4e4e8e427542f7fdfa10bd073a4ddf2510fb22e2f9a33b9aa7a0d5669bffba9b889e22d8c1c976af51a92dab274845e58d626ddb2d3563ed4d5d50dc
  languageName: node
  linkType: hard

"finalhandler@npm:^1.0.6":
  version: 1.1.2
  resolution: "finalhandler@npm:1.1.2"
  dependencies:
    debug: 2.6.9
    encodeurl: ~1.0.2
    escape-html: ~1.0.3
    on-finished: ~2.3.0
    parseurl: ~1.3.3
    statuses: ~1.5.0
    unpipe: ~1.0.0
  checksum: 3/f2e5b6bfe2201f13e74408530a7f354b7846ab3e648b3dde4f8ed3b773c8a743c16b0f378cb5113df7fef84c5be364bb1a3655f0a75571f163c982289fbd9671
  languageName: node
  linkType: hard

"graphile-build-pg@npm:4.7.0, graphile-build-pg@npm:^4.7.0":
  version: 4.7.0
  resolution: "graphile-build-pg@npm:4.7.0"
  dependencies:
    "@graphile/lru": 4.5.0
    chalk: ^2.4.2
    debug: ^4.1.1
    graphile-build: 4.7.0
    graphql-iso-date: ^3.6.0
    jsonwebtoken: ^8.5.1
    lodash: ">=4 <5"
    lru-cache: ">=4 <5"
    pg-sql2: 4.7.0
    postgres-interval: ^1.2.0
  peerDependencies:
    pg: ">=6.1.0 <9"
  checksum: 3/30f36c3fac277d48cef3a8f3410399a58a523a8960c3c76c90c5d39b6d330926c746b6d817285ff405f61bbfff34197f60f40c3cf2b1bd6ebdb410be71ca2163
  languageName: node
  linkType: hard

"graphile-build@npm:4.7.0":
  version: 4.7.0
  resolution: "graphile-build@npm:4.7.0"
  dependencies:
    "@graphile/lru": 4.5.0
    chalk: ^2.4.2
    debug: ^4.1.1
    graphql-parse-resolve-info: 4.7.0
    iterall: ^1.2.2
    lodash: ">=4 <5"
    lru-cache: ^5.0.0
    pluralize: ^7.0.0
    semver: ^6.0.0
  peerDependencies:
    graphql: ">=0.9 <0.14 || ^14.0.2"
  checksum: 3/ae6b091c4ee06a4340f08b686047e78b887c731dff5a973bfb6317c370dd816ef395c185d8e9c22697a5c312ceb796596aa4632345f45b3ab945d376c741d71f
  languageName: node
  linkType: hard

"graphile-utils@npm:^4.7.0":
  version: 4.7.0
  resolution: "graphile-utils@npm:4.7.0"
  dependencies:
    debug: ^4.1.1
    graphql: ">=0.9 <0.14 || ^14.0.2"
  peerDependencies:
    graphile-build: ^4.5.0
    graphile-build-pg: ^4.5.0
  checksum: 3/9d48b81ade7e0aa6d74a434760cb3fb1bfe20bab8531695ea371c682c0f70fc4e3a891f6fa5897da7d859a593b929e5a41417ed4cc9d5f25172943be8e6c3174
  languageName: node
  linkType: hard

"graphql-iso-date@npm:^3.6.0":
  version: 3.6.1
  resolution: "graphql-iso-date@npm:3.6.1"
  peerDependencies:
    graphql: ^0.5.0 || ^0.6.0 || ^0.7.0 || ^0.8.0-b || ^0.9.0 || ^0.10.0 || ^0.11.0 || ^0.12.0 || ^0.13.0 || ^14.0.0
  checksum: 3/d33245ccaba87665589bf2907159de9e024bfd516ccc905631b68010ff69afbcbd09103d38481569862e4c168f6db0f9df614968295ca41c996c7d7fd2679817
  languageName: node
  linkType: hard

"graphql-parse-resolve-info@npm:4.7.0":
  version: 4.7.0
  resolution: "graphql-parse-resolve-info@npm:4.7.0"
  dependencies:
    debug: ^4.1.1
  peerDependencies:
    graphql: ">=0.9 <0.14 || ^14.0.2"
  checksum: 3/417da061ef1b7d9cfcaee8179a317b9da3ce1c6dc55df470211fe10c0583af30ddd74040e11380773a98a682d58608a72baadd91717fc6176f85ed0b1acd37a4
  languageName: node
  linkType: hard

"graphql@npm:>=0.9 <0.14 || ^14.0.2, graphql@npm:^0.6.0 || ^0.7.0 || ^0.8.0-b || ^0.9.0 || ^0.10.0 || ^0.11.0 || ^0.12.0 || ^0.13.0 || ^14.0.2":
  version: 14.6.0
  resolution: "graphql@npm:14.6.0"
  dependencies:
    iterall: ^1.2.2
  checksum: 3/24cab2758cea2ce592c59af28cac0fc80d2f2eac2f2441ce0152ce3c5a3a2416394aadf71b2d8db58f46c44ca3d20747eb168f58502f6eadafab0f11dea13791
  languageName: node
  linkType: hard

"has-flag@npm:^3.0.0":
  version: 3.0.0
  resolution: "has-flag@npm:3.0.0"
  checksum: 3/63aade480d27aeedb3b5b63a2e069d47d0006bf182338d662e7941cdc024e68a28418e0efa8dc5df30db9c4ee2407f39e6ea3f16cfbc6b83848b450826a28aa0
  languageName: node
  linkType: hard

"heltin-graphql@workspace:.":
  version: 0.0.0-use.local
  resolution: "heltin-graphql@workspace:."
  dependencies:
    "@graphile-contrib/pg-non-null": ^1.0.3
    graphile-build-pg: ^4.7.0
    graphile-utils: ^4.7.0
    postgraphile: ^4.7.0
    postgres-bytea: ^2.0.0
    typescript: ^3.9.3
  languageName: unknown
  linkType: soft

"http-errors@npm:1.7.2":
  version: 1.7.2
  resolution: "http-errors@npm:1.7.2"
  dependencies:
    depd: ~1.1.2
    inherits: 2.0.3
    setprototypeof: 1.1.1
    statuses: ">= 1.5.0 < 2"
    toidentifier: 1.0.0
  checksum: 3/8ce4a4af05a3652c81768a2754ced24b86ff62e7bee147a27b6ef8cde24e7a48f9fbfcb87ec6f67781879b95f1b35d3f8d6378e8555eb7d469ce875f4e184418
  languageName: node
  linkType: hard

"http-errors@npm:^1.5.1":
  version: 1.7.3
  resolution: "http-errors@npm:1.7.3"
  dependencies:
    depd: ~1.1.2
    inherits: 2.0.4
    setprototypeof: 1.1.1
    statuses: ">= 1.5.0 < 2"
    toidentifier: 1.0.0
  checksum: 3/563ae4a3f19c89029212922bade6ffcd0e4b7fa52e539f08c8f6941de7eaccb00bf76cb7692662192f2f0d567d4ac1f9d6a3d0ee70b166c8540cf791497f90ea
  languageName: node
  linkType: hard

"iconv-lite@npm:0.4.24":
  version: 0.4.24
  resolution: "iconv-lite@npm:0.4.24"
  dependencies:
    safer-buffer: ">= 2.1.2 < 3"
  checksum: 3/a9b9521066ee81853a8561e92bd7240bc5d3b7d5ef7da807a475e7858b0246e318b6af518c30a20a8749ef5eafeaa9631079446e4e696c7b60f468b34dc2cbfc
  languageName: node
  linkType: hard

"inherits@npm:2.0.3":
  version: 2.0.3
  resolution: "inherits@npm:2.0.3"
  checksum: 3/9488f9433effbc24474f6baee8014e5337c7f99305ecb4204fa5864ae7655c24225780d87fc65ed8d3d374715a18c5dc8c69fe3bf9745cde2e7acd0ac068a07b
  languageName: node
  linkType: hard

"inherits@npm:2.0.4":
  version: 2.0.4
  resolution: "inherits@npm:2.0.4"
  checksum: 3/98426da247ddfc3dcd7d7daedd90c3ca32d5b08deca08949726f12d49232aef94772a07b36cf4ff833e105ae2ef931777f6de4a6dd8245a216b9299ad4a50bea
  languageName: node
  linkType: hard

"iterall@npm:^1.0.2, iterall@npm:^1.2.1, iterall@npm:^1.2.2":
  version: 1.3.0
  resolution: "iterall@npm:1.3.0"
  checksum: 3/25ae2d07cf97fc35d43fa7af814839689416b83d3ade0fec97a62c58b7b9fad5ff89dd0ede99f2d67cae2697ffa6987f0ab10876f40ae6466e802609a05b1006
  languageName: node
  linkType: hard

"json5@npm:^2.1.1":
  version: 2.1.3
  resolution: "json5@npm:2.1.3"
  dependencies:
    minimist: ^1.2.5
  bin:
    json5: lib/cli.js
  checksum: 3/957e4937106cf59975aa0281e68911534d65c8a25be5b4d3559aa55eba351ccab516a943a60ba33e461e4b8af749939986e311de910cbcfd197410b57d971741
  languageName: node
  linkType: hard

"jsonwebtoken@npm:^8.0.0, jsonwebtoken@npm:^8.5.1":
  version: 8.5.1
  resolution: "jsonwebtoken@npm:8.5.1"
  dependencies:
    jws: ^3.2.2
    lodash.includes: ^4.3.0
    lodash.isboolean: ^3.0.3
    lodash.isinteger: ^4.0.4
    lodash.isnumber: ^3.0.3
    lodash.isplainobject: ^4.0.6
    lodash.isstring: ^4.0.1
    lodash.once: ^4.0.0
    ms: ^2.1.1
    semver: ^5.6.0
  checksum: 3/ea44bbb7a7abab87eee57711a04093a2a04a5757faa3253f521327b840e07eff751986ed6c20985886c5aaa86245a833aa1eeda6eacb0c3fa9ea4e7074cdb0c3
  languageName: node
  linkType: hard

"jwa@npm:^1.4.1":
  version: 1.4.1
  resolution: "jwa@npm:1.4.1"
  dependencies:
    buffer-equal-constant-time: 1.0.1
    ecdsa-sig-formatter: 1.0.11
    safe-buffer: ^5.0.1
  checksum: 3/e3a6234a3a33b0390c35cc7393890b1ca1bac22382755035ad252f6df9e1272dcf0ff0a717c7865657fc30e04b8d5ab07ea27e26f0763c60c557946963402752
  languageName: node
  linkType: hard

"jws@npm:^3.2.2":
  version: 3.2.2
  resolution: "jws@npm:3.2.2"
  dependencies:
    jwa: ^1.4.1
    safe-buffer: ^5.0.1
  checksum: 3/3990b26ebb6f368bf6c53bf580cd327f207052adedeb7900dde665e143fff9ea5d96d0b4282e85a631a6e3af76ada281a1ccc450b1916d579d07e9d36b564a19
  languageName: node
  linkType: hard

"lodash.includes@npm:^4.3.0":
  version: 4.3.0
  resolution: "lodash.includes@npm:4.3.0"
  checksum: 3/20d6b1bf7841a4eb21bcb124641a1d5fb368e3c86fb8834d80149ec92caef67f3bf316405e4ec309591f0a83e461cebb7b43b2b57d00fd45d1eb3009fe13be97
  languageName: node
  linkType: hard

"lodash.isboolean@npm:^3.0.3":
  version: 3.0.3
  resolution: "lodash.isboolean@npm:3.0.3"
  checksum: 3/e5b7a921f47759773266e66664e4a54f2438cc213fe336c5b96321d4328ebb2785e939bbcd07b29d5a20cdc6140d471abae1e94cdfb25937dc91ddc5150f41a0
  languageName: node
  linkType: hard

"lodash.isinteger@npm:^4.0.4":
  version: 4.0.4
  resolution: "lodash.isinteger@npm:4.0.4"
  checksum: 3/a29551cc9aaaf24cc4fdd7ce1734c7a19c748c704f061ef079f6026dc9666ac10e8ae08e4f0cd3aeb6094e20be043a7402c72ce70cbae9ea6ecce67ad997332c
  languageName: node
  linkType: hard

"lodash.isnumber@npm:^3.0.3":
  version: 3.0.3
  resolution: "lodash.isnumber@npm:3.0.3"
  checksum: 3/a33b10bf57dd27b32aac0bb4159d3f40db6b294095f42d7ff9f966a004932cdcc12417bf0750a9d3ac0c62690dd020d7d227b05ef486a8c9061963acf2ea3fad
  languageName: node
  linkType: hard

"lodash.isplainobject@npm:^4.0.6":
  version: 4.0.6
  resolution: "lodash.isplainobject@npm:4.0.6"
  checksum: 3/72a114b610ec32a42b8cb47680d1729398caea0ee0631c0b220b97b21e7df19312377cb077acb6593bf6c5abdbdb43c530aa66b440e30d53324986d386808cd0
  languageName: node
  linkType: hard

"lodash.isstring@npm:^4.0.1":
  version: 4.0.1
  resolution: "lodash.isstring@npm:4.0.1"
  checksum: 3/20c46960b74fd63c27b534f1725cd4141ac19b35c7250affee37c8b7899b1a4c5e9820becfafe571a4d48cd4c86206ee03c2e93fe943dbeab82ddd5cab710540
  languageName: node
  linkType: hard

"lodash.once@npm:^4.0.0":
  version: 4.1.1
  resolution: "lodash.once@npm:4.1.1"
  checksum: 3/236e00ca5f20304fab5b38aa3aedb034959153dae6edf33d7f9b00406ced8f24ed232a74f1200505d9049165ceea2ce1256199e1683b0a25e9de89091d4b13c2
  languageName: node
  linkType: hard

"lodash@npm:>=4 <5":
  version: 4.17.15
  resolution: "lodash@npm:4.17.15"
  checksum: 3/aec3fbb7570aa67bda500b8299b1b1821d60646bede87f76a74dfcc7666ab3445267d734ec71424d70809d52ad67a1356fab5ab694a3faa1908d68e9d48f00f5
  languageName: node
  linkType: hard

"lru-cache@npm:>=4 <5":
  version: 4.1.5
  resolution: "lru-cache@npm:4.1.5"
  dependencies:
    pseudomap: ^1.0.2
    yallist: ^2.1.2
  checksum: 3/6a098d23629357451d4324e1e4fefccdd6df316df29e25571c6148220ced923258381ebeafdf919f90e28c780b650427390582618c1d5fe097873e656d062511
  languageName: node
  linkType: hard

"lru-cache@npm:^5.0.0":
  version: 5.1.1
  resolution: "lru-cache@npm:5.1.1"
  dependencies:
    yallist: ^3.0.2
  checksum: 3/ffd9a280fa3400e731265db502270c2a65432f3fbfac23d480c72f675ec16dbbeddd57d4baf7aca70ab7af49949fad1bcaaf5a5e6e1cfed7316de71bb5dddf1c
  languageName: node
  linkType: hard

"media-typer@npm:0.3.0":
  version: 0.3.0
  resolution: "media-typer@npm:0.3.0"
  checksum: 3/be1c825782df7f38eebd451d778f6407bb15a59c8807a69e7f2ad74a25440e474536441c6bf583fdf2803ea23b866e91ff68f565cda297211dd89147758c8df3
  languageName: node
  linkType: hard

"mime-db@npm:1.44.0":
  version: 1.44.0
  resolution: "mime-db@npm:1.44.0"
  checksum: 3/b4e3b2141418572fba9786f7e36324faef15e23032ad0871f56760cb304ee721ba4c8cc795d3c1cac69a2a8b94045c1d6b08c4a8d1ef6ba1226a3a5193915c57
  languageName: node
  linkType: hard

"mime-types@npm:~2.1.24":
  version: 2.1.27
  resolution: "mime-types@npm:2.1.27"
  dependencies:
    mime-db: 1.44.0
  checksum: 3/51fe2f2c08c10ac7a2f67e2ce5de30f6500faa88d095418a1ab6e90e30960db7c682a8ecce60d3d4e293ac52c4700ca99399833db998ea9ec83d6f0503b70a94
  languageName: node
  linkType: hard

"minimist@npm:^1.2.5":
  version: 1.2.5
  resolution: "minimist@npm:1.2.5"
  checksum: 3/b77b8590147a4e217ff34266236bc39de23b52e6e33054076991ff674c7397a1380a7bde11111916f16f003a94aaa7e4f3d92595a32189644ff607fabc65a5b6
  languageName: node
  linkType: hard

"ms@npm:2.0.0":
  version: 2.0.0
  resolution: "ms@npm:2.0.0"
  checksum: 3/1a230340cc7f322fbe916783d8c8d60455407c6b7fb7f901d6ee34eb272402302c5c7f070a97b8531245cbb4ca6a0a623f6a128d7e5a5440cefa2c669c0b35bb
  languageName: node
  linkType: hard

"ms@npm:2.1.2, ms@npm:^2.1.1":
  version: 2.1.2
  resolution: "ms@npm:2.1.2"
  checksum: 3/9b65fb709bc30c0c07289dcbdb61ca032acbb9ea5698b55fa62e2cebb04c5953f1876a1f3f7f4bc2e91d4bf4d86003f3e207c3bc6ee2f716f99827e62389cd0e
  languageName: node
  linkType: hard

"on-finished@npm:~2.3.0":
  version: 2.3.0
  resolution: "on-finished@npm:2.3.0"
  dependencies:
    ee-first: 1.1.1
  checksum: 3/362e64608287d31ffd96a15fb9305a410b3e4d07c86f277fae907e38af46bc6f5ff948de90eabb81dc5632ca7f9a290085acc5410c378053dfa9860451d97ee5
  languageName: node
  linkType: hard

"packet-reader@npm:1.0.0":
  version: 1.0.0
  resolution: "packet-reader@npm:1.0.0"
  checksum: 3/fdbf006717eeb21d21398ed264de33d9bc024c78d1ae3828661f13da242d393188bbee470d48135ec6abebbc370b2642da646e43ead06837a7dff53819da4107
  languageName: node
  linkType: hard

"parseurl@npm:^1.3.2, parseurl@npm:~1.3.3":
  version: 1.3.3
  resolution: "parseurl@npm:1.3.3"
  checksum: 3/52c9e86cb58e38b28f1a50a6354d16648974ab7a2b91b209f97102840471de8adf524427774af6d5bc482fb7c0a6af6ba08ab37de9a1a7ae389ebe074015914b
  languageName: node
  linkType: hard

"pg-connection-string@npm:^2.0.0, pg-connection-string@npm:^2.2.3":
  version: 2.2.3
  resolution: "pg-connection-string@npm:2.2.3"
  checksum: 3/d60ff02f4fe9963ba39b60fde9e6925181851cedced0d1618c7e4cd304f44e4ed3f83371c952e15aa94af08e31e248975f4bfb412431854d21cb8be618b06d6e
  languageName: node
  linkType: hard

"pg-int8@npm:1.0.1":
  version: 1.0.1
  resolution: "pg-int8@npm:1.0.1"
  checksum: 3/b18c3a18e56a4f6de7c3c9df384a7ae47e7a3333ce1f36d324649116dfef4767ba01413993b12aa573ac44da1912d58cc6959eeb1c0f53a4ddb58861d1342a89
  languageName: node
  linkType: hard

"pg-pool@npm:^3.2.1":
  version: 3.2.1
  resolution: "pg-pool@npm:3.2.1"
  peerDependencies:
    pg: ">=8.0"
  checksum: 3/626e876971c7ef6d4f2b9e7cf858bda3ec30fd18761cc31e576d62451b7ad08ba5ea04916b49c13366a1fe11e652cabb01027e9504b68fe11b0113b8207d564e
  languageName: node
  linkType: hard

"pg-protocol@npm:^1.2.4":
  version: 1.2.4
  resolution: "pg-protocol@npm:1.2.4"
  checksum: 3/3cdb37af386873a85f548fa93b2b8ca6c12ce0deb9f6444e3fc1b6f779c73190ac0a67ca7dbee17da914e36e23830c70cc20e5ca708d29bcbb0f87e2160d9dbe
  languageName: node
  linkType: hard

"pg-sql2@npm:4.7.0":
  version: 4.7.0
  resolution: "pg-sql2@npm:4.7.0"
  dependencies:
    "@graphile/lru": 4.5.0
    "@types/pg": ">=6 <8"
    debug: ">=3 <5"
  peerDependencies:
    pg: ">=6.1.0 <9"
  checksum: 3/7e6c0e29508387b3ea56ab2a7b77558f4d025ddb1bd41fc2d80d1b4367a16c9a996df083984e58f884a393f43e833895292b97b82ef6311f26609bcd47aa908e
  languageName: node
  linkType: hard

"pg-types@npm:^2.1.0":
  version: 2.2.0
  resolution: "pg-types@npm:2.2.0"
  dependencies:
    pg-int8: 1.0.1
    postgres-array: ~2.0.0
    postgres-bytea: ~1.0.0
    postgres-date: ~1.0.4
    postgres-interval: ^1.1.0
  checksum: 3/3c36335465f058de7b075aab93b3db73ae651d6b0f618948aeb47fab74e064d4d9bd183cdaaf172ebcf9496999b2c6e83ae29048a84757eb30eab486aeb6723b
  languageName: node
  linkType: hard

"pg@npm:8.2.1, pg@npm:>=6.1.0 <9":
  version: 8.2.1
  resolution: "pg@npm:8.2.1"
  dependencies:
    buffer-writer: 2.0.0
    packet-reader: 1.0.0
    pg-connection-string: ^2.2.3
    pg-pool: ^3.2.1
    pg-protocol: ^1.2.4
    pg-types: ^2.1.0
    pgpass: 1.x
    semver: 4.3.2
  checksum: 3/f3ae953989304c95b168e68c820461f30f2dd5247500ce234509ba481b746112cd0241d95f58fe60e3cb6bc68b252d3c4dd349ddd9570c452b2d37cc1a0dc74f
  languageName: node
  linkType: hard

"pgpass@npm:1.x":
  version: 1.0.2
  resolution: "pgpass@npm:1.0.2"
  dependencies:
    split: ^1.0.0
  checksum: 3/a3cdfddbae177c862c72c492a614e0d4197b0c580b80c11e16cc69969cc3f2b31299a77c1d9b6296ae8a6d673f162e05007cc2de878973ea7cee86bb7164cb18
  languageName: node
  linkType: hard

"pluralize@npm:^7.0.0":
  version: 7.0.0
  resolution: "pluralize@npm:7.0.0"
  checksum: 3/d35d8aeda1eb2f81123131e76ed0f2f48d681abfa4c46e4c6fdd6dca622650c8bd531aa0c5a3c7f779bd9660d08ceb51660e1f55def4bd14328ecfa76fe69962
  languageName: node
  linkType: hard

"postgraphile-core@npm:4.7.0":
  version: 4.7.0
  resolution: "postgraphile-core@npm:4.7.0"
  dependencies:
    graphile-build: 4.7.0
    graphile-build-pg: 4.7.0
  peerDependencies:
    graphql: ">=0.9 <0.14 || ^14.0.2"
    pg: ">=6.1.0 <9"
  checksum: 3/36bcf5b5ccb5353c66c30cfe615b113ce6a0118534ea12c9e6c19c61807e179865835c6725045e247a4047f685b285b583a73c912496027d53045fcc85a0e374
  languageName: node
  linkType: hard

"postgraphile@npm:^4.7.0":
  version: 4.7.0
  resolution: "postgraphile@npm:4.7.0"
  dependencies:
    "@graphile/lru": 4.5.0
    "@types/json5": ^0.0.30
    "@types/jsonwebtoken": ^8.3.2
    "@types/koa": ^2.0.44
    "@types/pg": ^7.4.10
    "@types/ws": ^6.0.1
    body-parser: ^1.15.2
    chalk: ^2.4.2
    commander: ^2.19.0
    debug: ^4.1.1
    finalhandler: ^1.0.6
    graphile-utils: ^4.7.0
    graphql: ^0.6.0 || ^0.7.0 || ^0.8.0-b || ^0.9.0 || ^0.10.0 || ^0.11.0 || ^0.12.0 || ^0.13.0 || ^14.0.2
    http-errors: ^1.5.1
    iterall: ^1.0.2
    json5: ^2.1.1
    jsonwebtoken: ^8.0.0
    parseurl: ^1.3.2
    pg: ">=6.1.0 <9"
    pg-connection-string: ^2.0.0
    pg-sql2: 4.7.0
    postgraphile-core: 4.7.0
    subscriptions-transport-ws: ^0.9.15
    tslib: ^1.5.0
    ws: ^6.1.3
  bin:
    postgraphile: cli.js
  checksum: 3/5dcb8537e91190120f92c578833b6f5b5fb912d22b04491d1cdbe84faea1d866021d780d3bd115f2df69d01ed1489a7ac81974586ef6b900f9c535dd48ed033e
  languageName: node
  linkType: hard

"postgres-array@npm:~2.0.0":
  version: 2.0.0
  resolution: "postgres-array@npm:2.0.0"
  checksum: 3/99fd702c5c2bd44c55dac48935b321e564c0363cd9ec53f59e8df2c0141644055beb0d18d69007706a4d082c8557c2e5d03e9ccfeb6d455c98e75f35fe3ead94
  languageName: node
  linkType: hard

"postgres-bytea@npm:^2.0.0":
  version: 2.0.0
  resolution: "postgres-bytea@npm:2.0.0"
  checksum: 3/25967aa2c5742ad42c0a19e8a60cb94153c27f96f3f14e6c9b5d16de788ecff1e72f66756113155c01c059139f76f571905ab1f7ba429c2a5f0210af4a5e8637
  languageName: node
  linkType: hard

"postgres-bytea@npm:~1.0.0":
  version: 1.0.0
  resolution: "postgres-bytea@npm:1.0.0"
  checksum: 3/a3399e064521b039dfc23338423c687cbdbf422d9a0e92bb92fd19b6a5dbbab7847cc4a6e16d2a59f186096ec5e6bf7e9e4328b5d906b40e16f0d18794b4e29e
  languageName: node
  linkType: hard

"postgres-date@npm:~1.0.4":
  version: 1.0.5
  resolution: "postgres-date@npm:1.0.5"
  checksum: 3/e88dc73f19450d794be55cc7945ae4e171ee1b20ad949ad94caef7e846da5d725851045468c822398fd6edda69f5995bfdd54ff44d07183467f8bc18b15210db
  languageName: node
  linkType: hard

"postgres-interval@npm:^1.1.0, postgres-interval@npm:^1.2.0":
  version: 1.2.0
  resolution: "postgres-interval@npm:1.2.0"
  dependencies:
    xtend: ^4.0.0
  checksum: 3/a882aae6c34a85ac6054d9c950d36bf2455cada769598c2eaf28326a45a722f23b8ba8b96efde939f38a663d5fc51ff93241afedf186ac9e9f9cf0af177370a1
  languageName: node
  linkType: hard

"pseudomap@npm:^1.0.2":
  version: 1.0.2
  resolution: "pseudomap@npm:1.0.2"
  checksum: 3/1ad1802645e830d99f9c1db97efc6902d2316b660454633229f636dd59e751d00498dd325d3b18d49f2be990a2c9d28f8bfe6f9b544a8220a5faa2bfb4694bb7
  languageName: node
  linkType: hard

"qs@npm:6.7.0":
  version: 6.7.0
  resolution: "qs@npm:6.7.0"
  checksum: 3/8590470436ff0a75ae35e6b45fd7260e2beb537ff8ec1104f9703a349b09ce1aa27e8e1c06b9ad25ac62fc098e12cc65df93042a233128a0276ccd6de4c7819a
  languageName: node
  linkType: hard

"raw-body@npm:2.4.0":
  version: 2.4.0
  resolution: "raw-body@npm:2.4.0"
  dependencies:
    bytes: 3.1.0
    http-errors: 1.7.2
    iconv-lite: 0.4.24
    unpipe: 1.0.0
  checksum: 3/46dc02f8b4f358786d41e18fb55533fbe4702d390e22bbe2b9c98c88dec41cab23ea2315f3ae0bf4bc0213a2872c89943d3df6857f4e21f996ea9d2d92f1bcaa
  languageName: node
  linkType: hard

"safe-buffer@npm:^5.0.1":
  version: 5.2.1
  resolution: "safe-buffer@npm:5.2.1"
  checksum: 3/0bb57f0d8f9d1fa4fe35ad8a2db1f83a027d48f2822d59ede88fd5cd4ddad83c0b497213feb7a70fbf90597a70c5217f735b0eb1850df40ce9b4ae81dd22b3f9
  languageName: node
  linkType: hard

"safer-buffer@npm:>= 2.1.2 < 3":
  version: 2.1.2
  resolution: "safer-buffer@npm:2.1.2"
  checksum: 3/549ba83f5b314b59898efe3422120ce1ca7987a6eae5925a5fa5db930dc414d4a9dde0a5594f89638cd6ea60b6840ea961872908933ac2428d1726489db46fa5
  languageName: node
  linkType: hard

"semver@npm:4.3.2":
  version: 4.3.2
  resolution: "semver@npm:4.3.2"
  bin:
    semver: ./bin/semver
  checksum: 3/325999b7241266b130324d54edba4432413de2afe358c7c482ccf104d3b870eabb655db2178ee966473f4dfcbdcf5f5808d1fb26a670908ba3cca2568ea5f95b
  languageName: node
  linkType: hard

"semver@npm:^5.6.0":
  version: 5.7.1
  resolution: "semver@npm:5.7.1"
  bin:
    semver: ./bin/semver
  checksum: 3/06ff0ed753ebf741b7602be8faad620d6e160a2cb3f61019d00d919c8bca141638aa23c34da779b8595afdc9faa3678bfbb5f60366b6a4f65f98cf86605bbcdb
  languageName: node
  linkType: hard

"semver@npm:^6.0.0":
  version: 6.3.0
  resolution: "semver@npm:6.3.0"
  bin:
    semver: ./bin/semver.js
  checksum: 3/f0d155c06a67cc7e500c92d929339f1c6efd4ce9fe398aee6acc00a2333489cca0f5b4e76ee7292beba237fcca4b5a3d4a6153471f105f56299801bdab37289f
  languageName: node
  linkType: hard

"setprototypeof@npm:1.1.1":
  version: 1.1.1
  resolution: "setprototypeof@npm:1.1.1"
  checksum: 3/0efed4da5aec7535828ac07c3b560f0a54257a4a7d5390ffabe5530a083974aef577651507974215edb92a51efa142f22fb3242e24d630ba6adcbfc9e7f1ff2b
  languageName: node
  linkType: hard

"split@npm:^1.0.0":
  version: 1.0.1
  resolution: "split@npm:1.0.1"
  dependencies:
    through: 2
  checksum: 3/ed6bb44fd1b46527ff4435b6b843fcfe46c3ffcf19d4f7bc936a7dbf38b42c9c171112452a94ba631d6e8e0be80c87c1e79fb24a3c67e016756e8b5da35a0e9a
  languageName: node
  linkType: hard

"statuses@npm:>= 1.5.0 < 2, statuses@npm:~1.5.0":
  version: 1.5.0
  resolution: "statuses@npm:1.5.0"
  checksum: 3/57735269bf231176a60deb80f6d60214cb4a87663b0937e79497afe9aebe2597f8377fd28893f4d1776205f18dd0b927774a26b72051411ac5108e9e2dfc77d2
  languageName: node
  linkType: hard

"subscriptions-transport-ws@npm:^0.9.15":
  version: 0.9.16
  resolution: "subscriptions-transport-ws@npm:0.9.16"
  dependencies:
    backo2: ^1.0.2
    eventemitter3: ^3.1.0
    iterall: ^1.2.1
    symbol-observable: ^1.0.4
    ws: ^5.2.0
  peerDependencies:
    graphql: ^0.10.0 || ^0.11.0 || ^0.12.0 || ^0.13.1 || ^14.0.2
  checksum: 3/7671c1cbb904ecfcbe84a3051ea888fb07f61414b5819bf40c92135f255b679ecfb5984680cf56e9576605f1ee08c1f22b6b71fe13af82465e614966f25009f8
  languageName: node
  linkType: hard

"supports-color@npm:^5.3.0":
  version: 5.5.0
  resolution: "supports-color@npm:5.5.0"
  dependencies:
    has-flag: ^3.0.0
  checksum: 3/edacee6425498440744c418be94b0660181aad2a1828bcf2be85c42bd385da2fd8b2b358d9b62b0c5b03ff5cd3e992458d7b8f879d9fb42f2201fe05a4848a29
  languageName: node
  linkType: hard

"symbol-observable@npm:^1.0.4":
  version: 1.2.0
  resolution: "symbol-observable@npm:1.2.0"
  checksum: 3/268834a1d4cba19d40f367e5c2755f612969c8418e43a3be17408e392802a667f8bb542893440d58a080a8ea8da05ea98e27e472b9f4ff6fbda78a21a1a41c53
  languageName: node
  linkType: hard

"through@npm:2":
  version: 2.3.8
  resolution: "through@npm:2.3.8"
  checksum: 3/918d9151680b5355990011eb8c4b02e8cb8cf6e9fb6ea3d3e5a1faa688343789e261634ae35de4ea9167ab029d1e7bac6af2fe61b843931768d405fdc3e8897c
  languageName: node
  linkType: hard

"toidentifier@npm:1.0.0":
  version: 1.0.0
  resolution: "toidentifier@npm:1.0.0"
  checksum: 3/95720e8a0f98f1525f50ccbecbc2a23f0a1b4e448de03819dbbeda03adf0d2010fe64525fbc9d549765242550d341bb891672e4ac0b2cac58613cdd742324255
  languageName: node
  linkType: hard

"tslib@npm:^1.5.0":
  version: 1.13.0
  resolution: "tslib@npm:1.13.0"
  checksum: 3/5dc3bdaea3b67c76ef4a14c28fcb2171da7bcf292fd9c59a260098729626b1ce766c52b588f08e324ed9a0c52ea8a93a815920f980d75981abc9d850fbf310fb
  languageName: node
  linkType: hard

"type-is@npm:~1.6.17":
  version: 1.6.18
  resolution: "type-is@npm:1.6.18"
  dependencies:
    media-typer: 0.3.0
    mime-types: ~2.1.24
  checksum: 3/20a3514f1d835c979237995129d1f8c564325301e3a8f1c732bcbe1d7fa0ca1f65994e41a79e9030d79f31e5459bb9be5c377848fcb477cb3049a661b3713d74
  languageName: node
  linkType: hard

typescript@^3.9.3:
  version: 3.9.4
  resolution: "typescript@npm:3.9.4"
  bin:
    tsc: bin/tsc
    tsserver: bin/tsserver
  checksum: 3/f364e86609679566abda039acf35030b78d738c456dae201bad71722b47aa753ea42f3076a2767b72b63a1b8641f1ffb3984dcbdf088bd401b4e7118e3601893
  languageName: node
  linkType: hard

"typescript@patch:typescript@^3.9.3#builtin<compat/typescript>":
  version: 3.9.4
  resolution: "typescript@patch:typescript@npm%3A3.9.4#builtin<compat/typescript>::version=3.9.4&hash=8cac75"
  bin:
    tsc: bin/tsc
    tsserver: bin/tsserver
  checksum: 3/6fe6acffaf466fe06116a9adb089914b070b8363c38fa1c80a4728452eb8fc88b7977930b61a860ab37080733eddf4dacf25dc88f0dd14efe6d8312ed6fcfb12
  languageName: node
  linkType: hard

"unpipe@npm:1.0.0, unpipe@npm:~1.0.0":
  version: 1.0.0
  resolution: "unpipe@npm:1.0.0"
  checksum: 3/ba244e8bf640475b2143af95be5d71353cd4d238d63abf5dfe700c67841f066eb0819fc60dee7f2348ef647a5644a06ba024b9a0ab6d399fc07a05eb72a30ac7
  languageName: node
  linkType: hard

"ws@npm:^5.2.0":
  version: 5.2.2
  resolution: "ws@npm:5.2.2"
  dependencies:
    async-limiter: ~1.0.0
  checksum: 3/c8217b54821ac9109bd395029487fd2a577867d6227624079dfa04c927728be13fdbe43070b2d349e9360d7dd17416c33362ba1062bff3bd9ddab6e9a9272915
  languageName: node
  linkType: hard

"ws@npm:^6.1.3":
  version: 6.2.1
  resolution: "ws@npm:6.2.1"
  dependencies:
    async-limiter: ~1.0.0
  checksum: 3/35d32b09e28f799f04708c3a7bd9eff469ae63e60543d7e18335f28689228a42ee21210f48de680aad6e5317df76b5b1183d1a1ea4b4d14cb6e0943528f40e76
  languageName: node
  linkType: hard

"xtend@npm:^4.0.0":
  version: 4.0.2
  resolution: "xtend@npm:4.0.2"
  checksum: 3/37ee522a3e9fb9b143a400c30b21dc122aa8c9c9411c6afae1005a4617dc20a21765c114d544e37a6bb60c2733dd8ee0a44ed9e80d884ac78cccd30b5e0ab0da
  languageName: node
  linkType: hard

"yallist@npm:^2.1.2":
  version: 2.1.2
  resolution: "yallist@npm:2.1.2"
  checksum: 3/f83e3d18eeba68a0276be2ab09260be3f2a300307e84b1565c620ef71f03f106c3df9bec4c3a91e5fa621a038f8826c19b3786804d3795dd4f999e5b6be66ea3
  languageName: node
  linkType: hard

"yallist@npm:^3.0.2":
  version: 3.1.1
  resolution: "yallist@npm:3.1.1"
  checksum: 3/f352c93b92f601bb0399210bca37272e669c961e9bd886bac545380598765cbfdfb4f166e7b6c57ca4ec8a5af4ab3fa0fd78a47f9a7d655a3d580ff0fc9e7d79
  languageName: node
  linkType: hard
